// !$*UTF8*$!
{
	archiveVersion = 1;
	classes = {
	};
	objectVersion = 46;
	objects = {

/* Begin PBXBuildFile section */
		00000000008063A1000160D3 /* libiPhone-lib.a in Frameworks */ = {isa = PBXBuildFile; fileRef = D8A1C72A0E8063A1000160D3 /* libiPhone-lib.a */; };
		03F528631B447098000F4FB8 /* Il2CppOptions.cpp in Sources */ = {isa = PBXBuildFile; fileRef = 03F528621B447098000F4FB8 /* Il2CppOptions.cpp */; };
		065E460ABC8A274B0B6984B9 /* MaterialRobotoFontLoader.bundle in Resources */ = {isa = PBXBuildFile; fileRef = 415D484D939213D39A182CC6 /* MaterialRobotoFontLoader.bundle */; };
		078B42EBAAF2DF3EAB555049 /* GenericMethods1.cpp in Sources */ = {isa = PBXBuildFile; fileRef = E4034C90AAE3B3DA0D46C6C3 /* GenericMethods1.cpp */; };
		08B24F76137BFDFA00FBA309 /* iAd.framework in Frameworks */ = {isa = PBXBuildFile; fileRef = 08B24F75137BFDFA00FBA309 /* iAd.framework */; settings = {ATTRIBUTES = (Weak, ); }; };
		090A4CDAA410067E27DA2F70 /* Il2CppMetadataUsage.cpp in Sources */ = {isa = PBXBuildFile; fileRef = D46A409BBA07EA1E83F541A0 /* Il2CppMetadataUsage.cpp */; };
		0B1549E2917A01965E369B67 /* Il2CppAttributes.cpp in Sources */ = {isa = PBXBuildFile; fileRef = 69E94145825858FE70A24C8D /* Il2CppAttributes.cpp */; };
		0B2847559AC564F1FC33896B /* Il2CppTypeDefinitions.cpp in Sources */ = {isa = PBXBuildFile; fileRef = 36674684B031A31D486AD046 /* Il2CppTypeDefinitions.cpp */; };
		0CB249A2A27CCA9C2AD1E976 /* Bulk_Generics_2.cpp in Sources */ = {isa = PBXBuildFile; fileRef = 0CFA44449D09E3575CA5F616 /* Bulk_Generics_2.cpp */; };
		0E9A4948A6BDB5E20A424A89 /* Bulk_UnityEngine_0.cpp in Sources */ = {isa = PBXBuildFile; fileRef = 5FB34FC581DD9AD0908A42B5 /* Bulk_UnityEngine_0.cpp */; };
		103D4673A06562D7AB6C3989 /* Il2CppGenericMethodTable.cpp in Sources */ = {isa = PBXBuildFile; fileRef = 23574A0590B58CDFC0E407FF /* Il2CppGenericMethodTable.cpp */; };
		1293455FBC8AC4FF0E48C4A5 /* GenericMethods0.cpp in Sources */ = {isa = PBXBuildFile; fileRef = C44E47B8819B72A066BB186D /* GenericMethods0.cpp */; };
		159542D2979B503381FC5DCD /* Il2CppGenericInstDefinitions.cpp in Sources */ = {isa = PBXBuildFile; fileRef = 11AE4F2DAA86D01FA8ED31F5 /* Il2CppGenericInstDefinitions.cpp */; };
		1859EA9B19214E7B0022C3D3 /* MetalHelper.mm in Sources */ = {isa = PBXBuildFile; fileRef = 1859EA9A19214E7B0022C3D3 /* MetalHelper.mm */; };
		1D60589F0D05DD5A006BFB54 /* Foundation.framework in Frameworks */ = {isa = PBXBuildFile; fileRef = 1D30AB110D05D00D00671497 /* Foundation.framework */; };
		20CB4A259C5E1FE071F5E12E /* LaunchScreen-iPhone.xib in Resources */ = {isa = PBXBuildFile; fileRef = 61C14BD9841CBAE383DB665C /* LaunchScreen-iPhone.xib */; };
		2187483F9B0F0F3ADE624AC5 /* CardboardAppController.mm in Sources */ = {isa = PBXBuildFile; fileRef = 689E4407BA5F96E52C72EF92 /* CardboardAppController.mm */; };
		24F849CE8CA3B763ABAE3479 /* Il2CppGenericMethodDefinitions.cpp in Sources */ = {isa = PBXBuildFile; fileRef = 363C4A0FAF21E31736DAC149 /* Il2CppGenericMethodDefinitions.cpp */; };
		2C544D07A872146D79C51A51 /* Bulk_UnityEngine_2.cpp in Sources */ = {isa = PBXBuildFile; fileRef = 843F4E36849C54AF9495E2AF /* Bulk_UnityEngine_2.cpp */; };
		304F4AE0A4B1D2E20647EF9E /* Bulk_Generics_3.cpp in Sources */ = {isa = PBXBuildFile; fileRef = E9BD46B4872F32409CC0789D /* Bulk_Generics_3.cpp */; };
		36A440859C167C0E5446DA21 /* libgvrunity.a in Frameworks */ = {isa = PBXBuildFile; fileRef = DAE14CB897CADC5CA8E6A04E /* libgvrunity.a */; };
		36A64F75B0C62AF06EA0F4EF /* Bulk_System_2.cpp in Sources */ = {isa = PBXBuildFile; fileRef = FA9E4B0A8E167FD719FD8C89 /* Bulk_System_2.cpp */; };
		3B73496A814C77492865105E /* Bulk_UnityEngine_1.cpp in Sources */ = {isa = PBXBuildFile; fileRef = 3E4748EEB87CFD6D52518472 /* Bulk_UnityEngine_1.cpp */; };
		3C724E68BB94B6FA07E83C32 /* Il2CppMarshalingFunctionsTable.cpp in Sources */ = {isa = PBXBuildFile; fileRef = AC0A4D0490AD17644A6B4EB3 /* Il2CppMarshalingFunctionsTable.cpp */; };
		3E6048ECB8BFC9041CB31063 /* Il2CppGenericMethodPointerTable.cpp in Sources */ = {isa = PBXBuildFile; fileRef = 38B54A96B3AC30418E86A700 /* Il2CppGenericMethodPointerTable.cpp */; };
		46E7478888F2C2EDB3BE269B /* Il2CppInvokerTable.cpp in Sources */ = {isa = PBXBuildFile; fileRef = 76EE4A9394918FB0B87B4821 /* Il2CppInvokerTable.cpp */; };
		4A7C41A59DB5D97B58F2F98A /* Bulk_mscorlib_4.cpp in Sources */ = {isa = PBXBuildFile; fileRef = 513B48808C6D238D6177B2E1 /* Bulk_mscorlib_4.cpp */; };
		4C434E2C95A97549E41D6814 /* Bulk_UnityEngine.UI_0.cpp in Sources */ = {isa = PBXBuildFile; fileRef = 8E95483EA94BFD60F69A5CA9 /* Bulk_UnityEngine.UI_0.cpp */; };
		4F484A1C84FCDCF7127AAF95 /* Bulk_mscorlib_2.cpp in Sources */ = {isa = PBXBuildFile; fileRef = DAF64955933C9A2A542497A1 /* Bulk_mscorlib_2.cpp */; };
		52A747E2B8FD339077A6CA42 /* Bulk_System_0.cpp in Sources */ = {isa = PBXBuildFile; fileRef = 0D34403EAA1E243284757C92 /* Bulk_System_0.cpp */; };
		5623C57617FDCB0800090B9E /* Foundation.framework in Frameworks */ = {isa = PBXBuildFile; fileRef = 1D30AB110D05D00D00671497 /* Foundation.framework */; };
		5623C57717FDCB0800090B9E /* UIKit.framework in Frameworks */ = {isa = PBXBuildFile; fileRef = 830B5C100E5ED4C100C7819F /* UIKit.framework */; };
		5623C57D17FDCB0900090B9E /* InfoPlist.strings in Resources */ = {isa = PBXBuildFile; fileRef = 5623C57B17FDCB0900090B9E /* InfoPlist.strings */; };
		5623C57F17FDCB0900090B9E /* Unity_iPhone_Tests.m in Sources */ = {isa = PBXBuildFile; fileRef = 5623C57E17FDCB0900090B9E /* Unity_iPhone_Tests.m */; };
		5682F4B20F3B34FF007A219C /* MediaPlayer.framework in Frameworks */ = {isa = PBXBuildFile; fileRef = 5682F4B10F3B34FF007A219C /* MediaPlayer.framework */; };
		5692F3DD0FA9D8E500EBA2F1 /* CoreLocation.framework in Frameworks */ = {isa = PBXBuildFile; fileRef = 5692F3DC0FA9D8E500EBA2F1 /* CoreLocation.framework */; };
		56B7959B1442E0F20026B3DD /* CoreGraphics.framework in Frameworks */ = {isa = PBXBuildFile; fileRef = 56B7959A1442E0F20026B3DD /* CoreGraphics.framework */; };
		56B7960F1442E1770026B3DD /* CoreMotion.framework in Frameworks */ = {isa = PBXBuildFile; fileRef = 56B795C11442E1100026B3DD /* CoreMotion.framework */; settings = {ATTRIBUTES = (Weak, ); }; };
		56BCBA390FCF049A0030C3B2 /* SystemConfiguration.framework in Frameworks */ = {isa = PBXBuildFile; fileRef = 56BCBA380FCF049A0030C3B2 /* SystemConfiguration.framework */; };
		56C56C9817D6015200616839 /* Images.xcassets in Resources */ = {isa = PBXBuildFile; fileRef = 56C56C9717D6015100616839 /* Images.xcassets */; };
		56DBF99D15E3CDC9007A4A8D /* iPhone_Sensors.mm in Sources */ = {isa = PBXBuildFile; fileRef = 56DBF99C15E3CDC9007A4A8D /* iPhone_Sensors.mm */; };
		56FD43960ED4745200FE3770 /* CFNetwork.framework in Frameworks */ = {isa = PBXBuildFile; fileRef = 56FD43950ED4745200FE3770 /* CFNetwork.framework */; };
		5A21426993881061D8C5610A /* GoogleKitDialogs.bundle in Resources */ = {isa = PBXBuildFile; fileRef = FD104F60A33469DE03CF68D5 /* GoogleKitDialogs.bundle */; };
		5AB14E6181A11417673497A8 /* LaunchScreen-iPad.png in Resources */ = {isa = PBXBuildFile; fileRef = E83743C18DB58E08E3EA7492 /* LaunchScreen-iPad.png */; };
		64EB4EA68A0034CE62659EB7 /* Bulk_Generics_8.cpp in Sources */ = {isa = PBXBuildFile; fileRef = EE6F4FDE8BE3BA75D9DD3FB4 /* Bulk_Generics_8.cpp */; };
		66CD4E8BB1D6DCCCFF7029B8 /* UnityClassRegistration.cpp in Sources */ = {isa = PBXBuildFile; fileRef = FFDE4E82A04594CD8DFF9489 /* UnityClassRegistration.cpp */; };
		676B4C8B87F2EC73E3DE5F37 /* Bulk_mscorlib_3.cpp in Sources */ = {isa = PBXBuildFile; fileRef = 575C42728C135DD6B1DE621F /* Bulk_mscorlib_3.cpp */; };
		6D824BDEB8B1BBD9284870E5 /* Bulk_Assembly-CSharp_0.cpp in Sources */ = {isa = PBXBuildFile; fileRef = 7806417FB472356A40CE3AF2 /* Bulk_Assembly-CSharp_0.cpp */; };
		74C64DDB92D818E2012EAA48 /* Bulk_Google.ProtocolBuffers_0.cpp in Sources */ = {isa = PBXBuildFile; fileRef = 737C46FF86831DDCCE36E27A /* Bulk_Google.ProtocolBuffers_0.cpp */; };
		793C4B1EB652986C6A3EF519 /* Bulk_mscorlib_0.cpp in Sources */ = {isa = PBXBuildFile; fileRef = 98D9443B82BE3EF8165C355D /* Bulk_mscorlib_0.cpp */; };
		7A934371AA27BCC7928D5CC7 /* Il2CppDelegateWrappersManagedToNativeTable.cpp in Sources */ = {isa = PBXBuildFile; fileRef = B17F44019CEDAF538C57DADF /* Il2CppDelegateWrappersManagedToNativeTable.cpp */; };
		7BC54D1996800E1356DF3271 /* LaunchScreen-iPhoneLandscape.png in Resources */ = {isa = PBXBuildFile; fileRef = 79BF44BF99F4A4094624274E /* LaunchScreen-iPhoneLandscape.png */; };
		7C5142D3AF9C79952D753A7C /* Bulk_Generics_1.cpp in Sources */ = {isa = PBXBuildFile; fileRef = 06AD4AC1B29D913A70508DE2 /* Bulk_Generics_1.cpp */; };
		7CDB4770AEAA90A166352B8D /* Bulk_Mono.Security_0.cpp in Sources */ = {isa = PBXBuildFile; fileRef = 023E4BE8A27EE7F6E311A9AF /* Bulk_Mono.Security_0.cpp */; };
		7F36C11113C5C673007FBDD9 /* CoreMedia.framework in Frameworks */ = {isa = PBXBuildFile; fileRef = 7F36C10E13C5C673007FBDD9 /* CoreMedia.framework */; };
		7F36C11213C5C673007FBDD9 /* CoreVideo.framework in Frameworks */ = {isa = PBXBuildFile; fileRef = 7F36C10F13C5C673007FBDD9 /* CoreVideo.framework */; };
		7F36C11313C5C673007FBDD9 /* AVFoundation.framework in Frameworks */ = {isa = PBXBuildFile; fileRef = 7F36C11013C5C673007FBDD9 /* AVFoundation.framework */; settings = {ATTRIBUTES = (Weak, ); }; };
		824142BEBDB828508E23D8EA /* Bulk_mscorlib_1.cpp in Sources */ = {isa = PBXBuildFile; fileRef = 350B4828A4629B98ABF5EDA5 /* Bulk_mscorlib_1.cpp */; };
		82EE4DE3B0D752259533DF73 /* Bulk_mscorlib_5.cpp in Sources */ = {isa = PBXBuildFile; fileRef = 14EF4E109707F2454E32EA2A /* Bulk_mscorlib_5.cpp */; };
		830B5C110E5ED4C100C7819F /* UIKit.framework in Frameworks */ = {isa = PBXBuildFile; fileRef = 830B5C100E5ED4C100C7819F /* UIKit.framework */; };
		8358D1B80ED1CC3700E3A684 /* AudioToolbox.framework in Frameworks */ = {isa = PBXBuildFile; fileRef = 8358D1B70ED1CC3700E3A684 /* AudioToolbox.framework */; };
		83B256E20E62FEA000468741 /* OpenGLES.framework in Frameworks */ = {isa = PBXBuildFile; fileRef = 83B256E10E62FEA000468741 /* OpenGLES.framework */; };
		83B2570B0E62FF8A00468741 /* QuartzCore.framework in Frameworks */ = {isa = PBXBuildFile; fileRef = 83B2570A0E62FF8A00468741 /* QuartzCore.framework */; };
		83B2574C0E63022200468741 /* OpenAL.framework in Frameworks */ = {isa = PBXBuildFile; fileRef = 83B2574B0E63022200468741 /* OpenAL.framework */; };
		83B2574F0E63025400468741 /* libiconv.2.dylib in Frameworks */ = {isa = PBXBuildFile; fileRef = 83B2574E0E63025400468741 /* libiconv.2.dylib */; };
		83BE48FF90B4F8FC5133FB77 /* Bulk_mscorlib_6.cpp in Sources */ = {isa = PBXBuildFile; fileRef = 1BC141649638E2D0884987AE /* Bulk_mscorlib_6.cpp */; };
		84314C68AA8A6AC0C06DFA35 /* GoogleKitHUD.bundle in Resources */ = {isa = PBXBuildFile; fileRef = 6DB541B4A1ABBB598EA37707 /* GoogleKitHUD.bundle */; };
		848031E11C5160D700FCEAB7 /* UnityReplayKit_Scripting.mm in Sources */ = {isa = PBXBuildFile; fileRef = 848031E01C5160D700FCEAB7 /* UnityReplayKit_Scripting.mm */; };
		84DC28F61C5137FE00BC67D7 /* UnityReplayKit.mm in Sources */ = {isa = PBXBuildFile; fileRef = 84DC28F51C5137FE00BC67D7 /* UnityReplayKit.mm */; };
		867841C58498A90BDDC4418A /* Il2CppCodeRegistration.cpp in Sources */ = {isa = PBXBuildFile; fileRef = 0FC74A178EE6A1B78E90D1E5 /* Il2CppCodeRegistration.cpp */; };
		8A07E1061715A5AB000EDC6F /* iAD.mm in Sources */ = {isa = PBXBuildFile; fileRef = 8A07E1051715A5AB000EDC6F /* iAD.mm */; };
		8A0FED491649699200E9727D /* EAGLContextHelper.mm in Sources */ = {isa = PBXBuildFile; fileRef = 8A0FED481649699200E9727D /* EAGLContextHelper.mm */; };
		8A142DC61636943E00DD87CA /* Keyboard.mm in Sources */ = {isa = PBXBuildFile; fileRef = 8A142DC51636943E00DD87CA /* Keyboard.mm */; };
		8A16150C1A8E4362006FA788 /* FullScreenVideoPlayer.mm in Sources */ = {isa = PBXBuildFile; fileRef = 8A16150B1A8E4362006FA788 /* FullScreenVideoPlayer.mm */; };
		8A1FFFAD16512A9000DD0934 /* GlesHelper.mm in Sources */ = {isa = PBXBuildFile; fileRef = 8A1FFFAC16512A9000DD0934 /* GlesHelper.mm */; };
		8A25E6D218D767E20006A227 /* Filesystem.mm in Sources */ = {isa = PBXBuildFile; fileRef = 8A25E6D118D767E20006A227 /* Filesystem.mm */; };
		8A2AA93516E0978D001FB470 /* CMVideoSampling.mm in Sources */ = {isa = PBXBuildFile; fileRef = 8A2AA93416E0978D001FB470 /* CMVideoSampling.mm */; };
		8A367F5B16A6D36F0012ED11 /* CVTextureCache.mm in Sources */ = {isa = PBXBuildFile; fileRef = 8A367F5A16A6D36F0012ED11 /* CVTextureCache.mm */; };
		8A3EDDC81615B7C1001839E9 /* SplashScreen.mm in Sources */ = {isa = PBXBuildFile; fileRef = 8A3EDDC71615B7C1001839E9 /* SplashScreen.mm */; };
		8A4815C117A28E7F003FBFD5 /* UnityAppController+ViewHandling.mm in Sources */ = {isa = PBXBuildFile; fileRef = 8A4815C017A287D2003FBFD5 /* UnityAppController+ViewHandling.mm */; };
		8A5C1492174E662D0006EB36 /* RenderPluginDelegate.mm in Sources */ = {isa = PBXBuildFile; fileRef = 8A5C1491174E662D0006EB36 /* RenderPluginDelegate.mm */; };
		8A5E0B9116849D1800CBB6FE /* DisplayManager.mm in Sources */ = {isa = PBXBuildFile; fileRef = 8A5E0B9016849D1800CBB6FE /* DisplayManager.mm */; };
		8A6137141A10BCA200059EDF /* ObjCRuntime.mm in Sources */ = {isa = PBXBuildFile; fileRef = 8A6137131A10BCA200059EDF /* ObjCRuntime.mm */; };
		8A6720A519EEB905006C92E0 /* InternalProfiler.cpp in Sources */ = {isa = PBXBuildFile; fileRef = 8A6720A319EEB905006C92E0 /* InternalProfiler.cpp */; };
		8A7057D1171EA29600A1332D /* iAD_Scripting.mm in Sources */ = {isa = PBXBuildFile; fileRef = 8A7057D0171EA29600A1332D /* iAD_Scripting.mm */; };
		8A851BA716FB2F6D00E911DB /* UnityView.mm in Sources */ = {isa = PBXBuildFile; fileRef = 8A851BA616FB2F6D00E911DB /* UnityView.mm */; };
		8A851BAA16FB3AD000E911DB /* UnityAppController.mm in Sources */ = {isa = PBXBuildFile; fileRef = 8A851BA916FB3AD000E911DB /* UnityAppController.mm */; };
		8A8D90DA1A274A7800456C4E /* UnityAppController+UnityInterface.mm in Sources */ = {isa = PBXBuildFile; fileRef = 8A8D90D91A274A7800456C4E /* UnityAppController+UnityInterface.mm */; };
		8A9FCB131617295F00C05364 /* ActivityIndicator.mm in Sources */ = {isa = PBXBuildFile; fileRef = 8A9FCB121617295F00C05364 /* ActivityIndicator.mm */; };
		8AA568AE1827DD79004969C7 /* WWWConnection.mm in Sources */ = {isa = PBXBuildFile; fileRef = 8AA568AD1827DD79004969C7 /* WWWConnection.mm */; };
		8AA5D80217ABE9AF007B9910 /* UnityAppController+Rendering.mm in Sources */ = {isa = PBXBuildFile; fileRef = 8AA5D80117ABE9AF007B9910 /* UnityAppController+Rendering.mm */; };
		8AB3CB3E16D390BB00697AD5 /* VideoPlayer.mm in Sources */ = {isa = PBXBuildFile; fileRef = 8AB3CB3D16D390BB00697AD5 /* VideoPlayer.mm */; };
		8AC71EC419E7FBA90027502F /* OrientationSupport.mm in Sources */ = {isa = PBXBuildFile; fileRef = 8AC71EC319E7FBA90027502F /* OrientationSupport.mm */; };
		8AC74A9519B47FEF00019D38 /* AVCapture.mm in Sources */ = {isa = PBXBuildFile; fileRef = 8AC74A9419B47FEF00019D38 /* AVCapture.mm */; };
		8ACB801C177081D4005D0019 /* DeviceSettings.mm in Sources */ = {isa = PBXBuildFile; fileRef = 8ACB801B177081D4005D0019 /* DeviceSettings.mm */; };
		8ADCE38B19C87177006F04F6 /* CameraCapture.mm in Sources */ = {isa = PBXBuildFile; fileRef = 8ADCE38A19C87177006F04F6 /* CameraCapture.mm */; };
		8AF7755D1799329100341121 /* LifeCycleListener.mm in Sources */ = {isa = PBXBuildFile; fileRef = 8A292A9817992CE100409BA4 /* LifeCycleListener.mm */; };
		8AF7756017997D2700341121 /* AppDelegateListener.mm in Sources */ = {isa = PBXBuildFile; fileRef = 8AF7755F17997D1300341121 /* AppDelegateListener.mm */; };
		8E8D41D98D7BD08F4028B515 /* Bulk_UnityEngine.UI_1.cpp in Sources */ = {isa = PBXBuildFile; fileRef = C6B840EB933A1B5483DBDA43 /* Bulk_UnityEngine.UI_1.cpp */; };
		92AA4176A7A128E0F60BD44D /* Bulk_System.Core_0.cpp in Sources */ = {isa = PBXBuildFile; fileRef = F2D348EB9AD6464D9F11DF48 /* Bulk_System.Core_0.cpp */; };
		94ED443082236C5F9A444622 /* Il2CppMetadataRegistration.cpp in Sources */ = {isa = PBXBuildFile; fileRef = 4E73491E8D10DD460E1D2941 /* Il2CppMetadataRegistration.cpp */; };
		999475201A7BC3AE00178130 /* UnityAdsUnityWrapper.mm in Sources */ = {isa = PBXBuildFile; fileRef = 9994751F1A7BC3AE00178130 /* UnityAdsUnityWrapper.mm */; };
		9B2640B6A613904FFB23E951 /* Bulk_Generics_5.cpp in Sources */ = {isa = PBXBuildFile; fileRef = 2DCC460B8F74FBF364AE39DD /* Bulk_Generics_5.cpp */; };
		A2254B2F9D525968E2736662 /* Bulk_Mono.Security_1.cpp in Sources */ = {isa = PBXBuildFile; fileRef = 15554E4C8028F2198BF874C4 /* Bulk_Mono.Security_1.cpp */; };
		AA31BF971B55660D0013FB1B /* Data in Resources */ = {isa = PBXBuildFile; fileRef = AA31BF961B55660D0013FB1B /* Data */; };
		AA5D99871AFAD3C800B27605 /* CoreText.framework in Frameworks */ = {isa = PBXBuildFile; fileRef = AA5D99861AFAD3C800B27605 /* CoreText.framework */; };
		AA8F4B691BD917A10024E7E3 /* UnityViewControllerBaseiOS.mm in Sources */ = {isa = PBXBuildFile; fileRef = AA8F4B661BD917A10024E7E3 /* UnityViewControllerBaseiOS.mm */; };
		AA8F4B6A1BD917A10024E7E3 /* UnityViewControllerBaseTV.mm in Sources */ = {isa = PBXBuildFile; fileRef = AA8F4B681BD917A10024E7E3 /* UnityViewControllerBaseTV.mm */; };
		AAC3E38D1A68945900F6174A /* RegisterFeatures.cpp in Sources */ = {isa = PBXBuildFile; fileRef = AAC3E38B1A68945900F6174A /* RegisterFeatures.cpp */; };
		AAFE69D219F187C200638316 /* UnityViewControllerListener.mm in Sources */ = {isa = PBXBuildFile; fileRef = AAFE69D119F187C200638316 /* UnityViewControllerListener.mm */; };
		AD104FFA914BB0530F8D1045 /* Il2CppGuids.cpp in Sources */ = {isa = PBXBuildFile; fileRef = 228F4D7BA6C039A414B62B48 /* Il2CppGuids.cpp */; };
		B04449AA80C5E88B9CD2FF59 /* GLKit.framework in Frameworks */ = {isa = PBXBuildFile; fileRef = 07F54ACCB66F5C7A0495B3C8 /* GLKit.framework */; };
		B3EE4E31BF1308603FE811CE /* Il2CppCompilerCalculateTypeValuesTable.cpp in Sources */ = {isa = PBXBuildFile; fileRef = 64194082AB8CAD72B0733F1B /* Il2CppCompilerCalculateTypeValuesTable.cpp */; };
		B63344E2AB9FD666A6056077 /* LaunchScreen-iPad.xib in Resources */ = {isa = PBXBuildFile; fileRef = 57404752BC98DE188C0DC309 /* LaunchScreen-iPad.xib */; };
		B851407DA2A08481D0BD2617 /* Bulk_Generics_4.cpp in Sources */ = {isa = PBXBuildFile; fileRef = 8D5B4E0A925D9606965B5670 /* Bulk_Generics_4.cpp */; };
		B9EA4889B4615133EEF8BF16 /* Il2CppMethodPointerTable.cpp in Sources */ = {isa = PBXBuildFile; fileRef = 4E2B480A8AB8F711E959AED2 /* Il2CppMethodPointerTable.cpp */; };
		C33A404FA14DFBB962C499BA /* Bulk_System_1.cpp in Sources */ = {isa = PBXBuildFile; fileRef = BEBA420FA57B3D1BFBBB4203 /* Bulk_System_1.cpp */; };
		C73344878BFE2145E865B38A /* LaunchScreen-iPhonePortrait.png in Resources */ = {isa = PBXBuildFile; fileRef = 60D14CB8A33E320AFB13387B /* LaunchScreen-iPhonePortrait.png */; };
		C97B4CCF8A1E9AF8AED2E661 /* GoogleKitCore.bundle in Resources */ = {isa = PBXBuildFile; fileRef = CD144FACA6925B5A24B7F090 /* GoogleKitCore.bundle */; };
		CD6049C1A97633749A36EFA7 /* Il2CppGenericClassTable.cpp in Sources */ = {isa = PBXBuildFile; fileRef = F81747C0811C1F1FE804E2F1 /* Il2CppGenericClassTable.cpp */; };
		D1EF48549016403535EFA777 /* UnityICallRegistration.cpp in Sources */ = {isa = PBXBuildFile; fileRef = DF114F5084A63E87490175BB /* UnityICallRegistration.cpp */; };
		D82DCFC30E8000A5005D6AD8 /* main.mm in Sources */ = {isa = PBXBuildFile; fileRef = D82DCFBB0E8000A5005D6AD8 /* main.mm */; };
		D8A1C7280E80637F000160D3 /* RegisterMonoModules.cpp in Sources */ = {isa = PBXBuildFile; fileRef = D8A1C7240E80637F000160D3 /* RegisterMonoModules.cpp */; };
		E1454B3E94F9AA157A636B91 /* Bulk_mscorlib_7.cpp in Sources */ = {isa = PBXBuildFile; fileRef = 12F54872B3E88933E93EBE39 /* Bulk_mscorlib_7.cpp */; };
		EAEF4145A2EB46053F363D76 /* Security.framework in Frameworks */ = {isa = PBXBuildFile; fileRef = F09E4791910711348B57F91C /* Security.framework */; };
		EDFB455CAE30E01DB20E04D1 /* Bulk_Generics_0.cpp in Sources */ = {isa = PBXBuildFile; fileRef = 89484506B37C655BC53D4614 /* Bulk_Generics_0.cpp */; };
		F60A4DA092523F315DB9139B /* CardboardSDK.bundle in Resources */ = {isa = PBXBuildFile; fileRef = 937347C5A289F438912590CF /* CardboardSDK.bundle */; };
		F990474290269C220EA5E0D9 /* Bulk_Generics_6.cpp in Sources */ = {isa = PBXBuildFile; fileRef = C8514D1BAE190C57CCB44411 /* Bulk_Generics_6.cpp */; };
		FC0B20A21B7A4F0B00FDFC55 /* OnDemandResources.mm in Sources */ = {isa = PBXBuildFile; fileRef = FC0B20A11B7A4F0B00FDFC55 /* OnDemandResources.mm */; };
		FC764213A1C752385A606AB6 /* Bulk_UnityEngine_3.cpp in Sources */ = {isa = PBXBuildFile; fileRef = C2C84E488827308D96DE3C74 /* Bulk_UnityEngine_3.cpp */; };
		FC85CCBB16C3ED8000BAF7C7 /* CrashReporter.mm in Sources */ = {isa = PBXBuildFile; fileRef = FC85CCB916C3ED8000BAF7C7 /* CrashReporter.mm */; };
		FE6B44F0B815EDF699676070 /* Bulk_Generics_7.cpp in Sources */ = {isa = PBXBuildFile; fileRef = 52CA439DB96B7904F67B87BB /* Bulk_Generics_7.cpp */; };
/* End PBXBuildFile section */

/* Begin PBXContainerItemProxy section */
		5623C58117FDCB0900090B9E /* PBXContainerItemProxy */ = {
			isa = PBXContainerItemProxy;
			containerPortal = 29B97313FDCFA39411CA2CEA /* Project object */;
			proxyType = 1;
			remoteGlobalIDString = 1D6058900D05DD3D006BFB54;
			remoteInfo = "Unity-iPhone";
		};
/* End PBXContainerItemProxy section */

/* Begin PBXCopyFilesBuildPhase section */
		83D0C1FD0E6C8D7700EBCE5D /* CopyFiles */ = {
			isa = PBXCopyFilesBuildPhase;
			buildActionMask = 2147483647;
			dstPath = "";
			dstSubfolderSpec = 0;
			files = (
			);
			runOnlyForDeploymentPostprocessing = 0;
		};
/* End PBXCopyFilesBuildPhase section */

/* Begin PBXFileReference section */
		023E4BE8A27EE7F6E311A9AF /* Bulk_Mono.Security_0.cpp */ = {isa = PBXFileReference; lastKnownFileType = sourcecode.cpp.cpp; name = Bulk_Mono.Security_0.cpp; path = Classes/Native/Bulk_Mono.Security_0.cpp; sourceTree = SOURCE_ROOT; };
		03F528621B447098000F4FB8 /* Il2CppOptions.cpp */ = {isa = PBXFileReference; fileEncoding = 4; lastKnownFileType = sourcecode.cpp.cpp; path = Il2CppOptions.cpp; sourceTree = "<group>"; };
		06AD4AC1B29D913A70508DE2 /* Bulk_Generics_1.cpp */ = {isa = PBXFileReference; lastKnownFileType = sourcecode.cpp.cpp; name = Bulk_Generics_1.cpp; path = Classes/Native/Bulk_Generics_1.cpp; sourceTree = SOURCE_ROOT; };
		07F54ACCB66F5C7A0495B3C8 /* GLKit.framework */ = {isa = PBXFileReference; lastKnownFileType = wrapper.framework; name = GLKit.framework; path = System/Library/Frameworks/GLKit.framework; sourceTree = SDKROOT; };
		08B24F75137BFDFA00FBA309 /* iAd.framework */ = {isa = PBXFileReference; lastKnownFileType = wrapper.framework; name = iAd.framework; path = System/Library/Frameworks/iAd.framework; sourceTree = SDKROOT; };
		0CFA44449D09E3575CA5F616 /* Bulk_Generics_2.cpp */ = {isa = PBXFileReference; lastKnownFileType = sourcecode.cpp.cpp; name = Bulk_Generics_2.cpp; path = Classes/Native/Bulk_Generics_2.cpp; sourceTree = SOURCE_ROOT; };
		0D34403EAA1E243284757C92 /* Bulk_System_0.cpp */ = {isa = PBXFileReference; lastKnownFileType = sourcecode.cpp.cpp; name = Bulk_System_0.cpp; path = Classes/Native/Bulk_System_0.cpp; sourceTree = SOURCE_ROOT; };
		0FC74A178EE6A1B78E90D1E5 /* Il2CppCodeRegistration.cpp */ = {isa = PBXFileReference; lastKnownFileType = sourcecode.cpp.cpp; name = Il2CppCodeRegistration.cpp; path = Classes/Native/Il2CppCodeRegistration.cpp; sourceTree = SOURCE_ROOT; };
		11AE4F2DAA86D01FA8ED31F5 /* Il2CppGenericInstDefinitions.cpp */ = {isa = PBXFileReference; lastKnownFileType = sourcecode.cpp.cpp; name = Il2CppGenericInstDefinitions.cpp; path = Classes/Native/Il2CppGenericInstDefinitions.cpp; sourceTree = SOURCE_ROOT; };
		12F54872B3E88933E93EBE39 /* Bulk_mscorlib_7.cpp */ = {isa = PBXFileReference; lastKnownFileType = sourcecode.cpp.cpp; name = Bulk_mscorlib_7.cpp; path = Classes/Native/Bulk_mscorlib_7.cpp; sourceTree = SOURCE_ROOT; };
		14EF4E109707F2454E32EA2A /* Bulk_mscorlib_5.cpp */ = {isa = PBXFileReference; lastKnownFileType = sourcecode.cpp.cpp; name = Bulk_mscorlib_5.cpp; path = Classes/Native/Bulk_mscorlib_5.cpp; sourceTree = SOURCE_ROOT; };
		15554E4C8028F2198BF874C4 /* Bulk_Mono.Security_1.cpp */ = {isa = PBXFileReference; lastKnownFileType = sourcecode.cpp.cpp; name = Bulk_Mono.Security_1.cpp; path = Classes/Native/Bulk_Mono.Security_1.cpp; sourceTree = SOURCE_ROOT; };
		1859EA9A19214E7B0022C3D3 /* MetalHelper.mm */ = {isa = PBXFileReference; fileEncoding = 4; lastKnownFileType = sourcecode.cpp.objcpp; path = MetalHelper.mm; sourceTree = "<group>"; };
		1BC141649638E2D0884987AE /* Bulk_mscorlib_6.cpp */ = {isa = PBXFileReference; lastKnownFileType = sourcecode.cpp.cpp; name = Bulk_mscorlib_6.cpp; path = Classes/Native/Bulk_mscorlib_6.cpp; sourceTree = SOURCE_ROOT; };
		1D30AB110D05D00D00671497 /* Foundation.framework */ = {isa = PBXFileReference; lastKnownFileType = wrapper.framework; name = Foundation.framework; path = System/Library/Frameworks/Foundation.framework; sourceTree = SDKROOT; };
		1D6058910D05DD3D006BFB54 /* Labyrinth-Escape.app */ = {isa = PBXFileReference; explicitFileType = wrapper.application; includeInIndex = 0; path = "Labyrinth-Escape.app"; sourceTree = BUILT_PRODUCTS_DIR; };
		228F4D7BA6C039A414B62B48 /* Il2CppGuids.cpp */ = {isa = PBXFileReference; lastKnownFileType = sourcecode.cpp.cpp; name = Il2CppGuids.cpp; path = Classes/Native/Il2CppGuids.cpp; sourceTree = SOURCE_ROOT; };
		23574A0590B58CDFC0E407FF /* Il2CppGenericMethodTable.cpp */ = {isa = PBXFileReference; lastKnownFileType = sourcecode.cpp.cpp; name = Il2CppGenericMethodTable.cpp; path = Classes/Native/Il2CppGenericMethodTable.cpp; sourceTree = SOURCE_ROOT; };
		2DCC460B8F74FBF364AE39DD /* Bulk_Generics_5.cpp */ = {isa = PBXFileReference; lastKnownFileType = sourcecode.cpp.cpp; name = Bulk_Generics_5.cpp; path = Classes/Native/Bulk_Generics_5.cpp; sourceTree = SOURCE_ROOT; };
		350B4828A4629B98ABF5EDA5 /* Bulk_mscorlib_1.cpp */ = {isa = PBXFileReference; lastKnownFileType = sourcecode.cpp.cpp; name = Bulk_mscorlib_1.cpp; path = Classes/Native/Bulk_mscorlib_1.cpp; sourceTree = SOURCE_ROOT; };
		363C4A0FAF21E31736DAC149 /* Il2CppGenericMethodDefinitions.cpp */ = {isa = PBXFileReference; lastKnownFileType = sourcecode.cpp.cpp; name = Il2CppGenericMethodDefinitions.cpp; path = Classes/Native/Il2CppGenericMethodDefinitions.cpp; sourceTree = SOURCE_ROOT; };
		36674684B031A31D486AD046 /* Il2CppTypeDefinitions.cpp */ = {isa = PBXFileReference; lastKnownFileType = sourcecode.cpp.cpp; name = Il2CppTypeDefinitions.cpp; path = Classes/Native/Il2CppTypeDefinitions.cpp; sourceTree = SOURCE_ROOT; };
		38B54A96B3AC30418E86A700 /* Il2CppGenericMethodPointerTable.cpp */ = {isa = PBXFileReference; lastKnownFileType = sourcecode.cpp.cpp; name = Il2CppGenericMethodPointerTable.cpp; path = Classes/Native/Il2CppGenericMethodPointerTable.cpp; sourceTree = SOURCE_ROOT; };
		3E4748EEB87CFD6D52518472 /* Bulk_UnityEngine_1.cpp */ = {isa = PBXFileReference; lastKnownFileType = sourcecode.cpp.cpp; name = Bulk_UnityEngine_1.cpp; path = Classes/Native/Bulk_UnityEngine_1.cpp; sourceTree = SOURCE_ROOT; };
		415D484D939213D39A182CC6 /* MaterialRobotoFontLoader.bundle */ = {isa = PBXFileReference; lastKnownFileType = "wrapper.plug-in"; name = MaterialRobotoFontLoader.bundle; path = Frameworks/Plugins/iOS/MaterialRobotoFontLoader.bundle; sourceTree = SOURCE_ROOT; };
		49D34672BDB33B7648F64030 /* IUnityInterface.h */ = {isa = PBXFileReference; lastKnownFileType = sourcecode.c.h; name = IUnityInterface.h; path = Classes/Unity/IUnityInterface.h; sourceTree = SOURCE_ROOT; };
		4E2B480A8AB8F711E959AED2 /* Il2CppMethodPointerTable.cpp */ = {isa = PBXFileReference; lastKnownFileType = sourcecode.cpp.cpp; name = Il2CppMethodPointerTable.cpp; path = Classes/Native/Il2CppMethodPointerTable.cpp; sourceTree = SOURCE_ROOT; };
		4E73491E8D10DD460E1D2941 /* Il2CppMetadataRegistration.cpp */ = {isa = PBXFileReference; lastKnownFileType = sourcecode.cpp.cpp; name = Il2CppMetadataRegistration.cpp; path = Classes/Native/Il2CppMetadataRegistration.cpp; sourceTree = SOURCE_ROOT; };
		513B48808C6D238D6177B2E1 /* Bulk_mscorlib_4.cpp */ = {isa = PBXFileReference; lastKnownFileType = sourcecode.cpp.cpp; name = Bulk_mscorlib_4.cpp; path = Classes/Native/Bulk_mscorlib_4.cpp; sourceTree = SOURCE_ROOT; };
		52CA439DB96B7904F67B87BB /* Bulk_Generics_7.cpp */ = {isa = PBXFileReference; lastKnownFileType = sourcecode.cpp.cpp; name = Bulk_Generics_7.cpp; path = Classes/Native/Bulk_Generics_7.cpp; sourceTree = SOURCE_ROOT; };
		5623C57317FDCB0800090B9E /* Labyrinth-Escape.xctest */ = {isa = PBXFileReference; explicitFileType = wrapper.cfbundle; includeInIndex = 0; path = "Labyrinth-Escape.xctest"; sourceTree = BUILT_PRODUCTS_DIR; };
		5623C57A17FDCB0900090B9E /* Unity-iPhone Tests-Info.plist */ = {isa = PBXFileReference; lastKnownFileType = text.plist.xml; path = "Unity-iPhone Tests-Info.plist"; sourceTree = "<group>"; };
		5623C57C17FDCB0900090B9E /* en */ = {isa = PBXFileReference; lastKnownFileType = text.plist.strings; name = en; path = en.lproj/InfoPlist.strings; sourceTree = "<group>"; };
		5623C57E17FDCB0900090B9E /* Unity_iPhone_Tests.m */ = {isa = PBXFileReference; lastKnownFileType = sourcecode.c.objc; path = Unity_iPhone_Tests.m; sourceTree = "<group>"; };
		5623C58017FDCB0900090B9E /* Unity-iPhone Tests-Prefix.pch */ = {isa = PBXFileReference; lastKnownFileType = sourcecode.c.h; path = "Unity-iPhone Tests-Prefix.pch"; sourceTree = "<group>"; };
		5682F4B10F3B34FF007A219C /* MediaPlayer.framework */ = {isa = PBXFileReference; lastKnownFileType = wrapper.framework; name = MediaPlayer.framework; path = System/Library/Frameworks/MediaPlayer.framework; sourceTree = SDKROOT; };
		5692F3DC0FA9D8E500EBA2F1 /* CoreLocation.framework */ = {isa = PBXFileReference; lastKnownFileType = wrapper.framework; name = CoreLocation.framework; path = System/Library/Frameworks/CoreLocation.framework; sourceTree = SDKROOT; };
		56B7959A1442E0F20026B3DD /* CoreGraphics.framework */ = {isa = PBXFileReference; lastKnownFileType = wrapper.framework; name = CoreGraphics.framework; path = System/Library/Frameworks/CoreGraphics.framework; sourceTree = SDKROOT; };
		56B795C11442E1100026B3DD /* CoreMotion.framework */ = {isa = PBXFileReference; lastKnownFileType = wrapper.framework; name = CoreMotion.framework; path = System/Library/Frameworks/CoreMotion.framework; sourceTree = SDKROOT; };
		56BCBA380FCF049A0030C3B2 /* SystemConfiguration.framework */ = {isa = PBXFileReference; lastKnownFileType = wrapper.framework; name = SystemConfiguration.framework; path = System/Library/Frameworks/SystemConfiguration.framework; sourceTree = SDKROOT; };
		56C56C9717D6015100616839 /* Images.xcassets */ = {isa = PBXFileReference; lastKnownFileType = folder.assetcatalog; name = Images.xcassets; path = "Unity-iPhone/Images.xcassets"; sourceTree = "<group>"; };
		56DBF99C15E3CDC9007A4A8D /* iPhone_Sensors.mm */ = {isa = PBXFileReference; fileEncoding = 4; lastKnownFileType = sourcecode.cpp.objcpp; path = iPhone_Sensors.mm; sourceTree = "<group>"; };
		56DBF99E15E3CE85007A4A8D /* iPhone_Sensors.h */ = {isa = PBXFileReference; fileEncoding = 4; lastKnownFileType = sourcecode.c.h; path = iPhone_Sensors.h; sourceTree = "<group>"; };
		56FD43950ED4745200FE3770 /* CFNetwork.framework */ = {isa = PBXFileReference; lastKnownFileType = wrapper.framework; name = CFNetwork.framework; path = System/Library/Frameworks/CFNetwork.framework; sourceTree = SDKROOT; };
		57404752BC98DE188C0DC309 /* LaunchScreen-iPad.xib */ = {isa = PBXFileReference; lastKnownFileType = file.xib; path = "LaunchScreen-iPad.xib"; sourceTree = SOURCE_ROOT; };
		575C42728C135DD6B1DE621F /* Bulk_mscorlib_3.cpp */ = {isa = PBXFileReference; lastKnownFileType = sourcecode.cpp.cpp; name = Bulk_mscorlib_3.cpp; path = Classes/Native/Bulk_mscorlib_3.cpp; sourceTree = SOURCE_ROOT; };
		5FB34FC581DD9AD0908A42B5 /* Bulk_UnityEngine_0.cpp */ = {isa = PBXFileReference; lastKnownFileType = sourcecode.cpp.cpp; name = Bulk_UnityEngine_0.cpp; path = Classes/Native/Bulk_UnityEngine_0.cpp; sourceTree = SOURCE_ROOT; };
		60D14CB8A33E320AFB13387B /* LaunchScreen-iPhonePortrait.png */ = {isa = PBXFileReference; lastKnownFileType = image.png; path = "LaunchScreen-iPhonePortrait.png"; sourceTree = SOURCE_ROOT; };
		61C14BD9841CBAE383DB665C /* LaunchScreen-iPhone.xib */ = {isa = PBXFileReference; lastKnownFileType = file.xib; path = "LaunchScreen-iPhone.xib"; sourceTree = SOURCE_ROOT; };
		62E747529B76BE08DE1B2D3F /* IUnityGraphics.h */ = {isa = PBXFileReference; lastKnownFileType = sourcecode.c.h; name = IUnityGraphics.h; path = Classes/Unity/IUnityGraphics.h; sourceTree = SOURCE_ROOT; };
		64194082AB8CAD72B0733F1B /* Il2CppCompilerCalculateTypeValuesTable.cpp */ = {isa = PBXFileReference; lastKnownFileType = sourcecode.cpp.cpp; name = Il2CppCompilerCalculateTypeValuesTable.cpp; path = Classes/Native/Il2CppCompilerCalculateTypeValuesTable.cpp; sourceTree = SOURCE_ROOT; };
		689E4407BA5F96E52C72EF92 /* CardboardAppController.mm */ = {isa = PBXFileReference; lastKnownFileType = sourcecode.cpp.objcpp; name = CardboardAppController.mm; path = Libraries/Plugins/iOS/CardboardAppController.mm; sourceTree = SOURCE_ROOT; };
		69E94145825858FE70A24C8D /* Il2CppAttributes.cpp */ = {isa = PBXFileReference; lastKnownFileType = sourcecode.cpp.cpp; name = Il2CppAttributes.cpp; path = Classes/Native/Il2CppAttributes.cpp; sourceTree = SOURCE_ROOT; };
		6DB541B4A1ABBB598EA37707 /* GoogleKitHUD.bundle */ = {isa = PBXFileReference; lastKnownFileType = "wrapper.plug-in"; name = GoogleKitHUD.bundle; path = Frameworks/Plugins/iOS/GoogleKitHUD.bundle; sourceTree = SOURCE_ROOT; };
		737C46FF86831DDCCE36E27A /* Bulk_Google.ProtocolBuffers_0.cpp */ = {isa = PBXFileReference; lastKnownFileType = sourcecode.cpp.cpp; name = Bulk_Google.ProtocolBuffers_0.cpp; path = Classes/Native/Bulk_Google.ProtocolBuffers_0.cpp; sourceTree = SOURCE_ROOT; };
		76EE4A9394918FB0B87B4821 /* Il2CppInvokerTable.cpp */ = {isa = PBXFileReference; lastKnownFileType = sourcecode.cpp.cpp; name = Il2CppInvokerTable.cpp; path = Classes/Native/Il2CppInvokerTable.cpp; sourceTree = SOURCE_ROOT; };
		7806417FB472356A40CE3AF2 /* Bulk_Assembly-CSharp_0.cpp */ = {isa = PBXFileReference; lastKnownFileType = sourcecode.cpp.cpp; name = "Bulk_Assembly-CSharp_0.cpp"; path = "Classes/Native/Bulk_Assembly-CSharp_0.cpp"; sourceTree = SOURCE_ROOT; };
		79BF44BF99F4A4094624274E /* LaunchScreen-iPhoneLandscape.png */ = {isa = PBXFileReference; lastKnownFileType = image.png; path = "LaunchScreen-iPhoneLandscape.png"; sourceTree = SOURCE_ROOT; };
		7F36C10E13C5C673007FBDD9 /* CoreMedia.framework */ = {isa = PBXFileReference; lastKnownFileType = wrapper.framework; name = CoreMedia.framework; path = System/Library/Frameworks/CoreMedia.framework; sourceTree = SDKROOT; };
		7F36C10F13C5C673007FBDD9 /* CoreVideo.framework */ = {isa = PBXFileReference; lastKnownFileType = wrapper.framework; name = CoreVideo.framework; path = System/Library/Frameworks/CoreVideo.framework; sourceTree = SDKROOT; };
		7F36C11013C5C673007FBDD9 /* AVFoundation.framework */ = {isa = PBXFileReference; lastKnownFileType = wrapper.framework; name = AVFoundation.framework; path = System/Library/Frameworks/AVFoundation.framework; sourceTree = SDKROOT; };
		830B5C100E5ED4C100C7819F /* UIKit.framework */ = {isa = PBXFileReference; lastKnownFileType = wrapper.framework; name = UIKit.framework; path = System/Library/Frameworks/UIKit.framework; sourceTree = SDKROOT; };
		8358D1B70ED1CC3700E3A684 /* AudioToolbox.framework */ = {isa = PBXFileReference; lastKnownFileType = wrapper.framework; name = AudioToolbox.framework; path = System/Library/Frameworks/AudioToolbox.framework; sourceTree = SDKROOT; };
		83B256E10E62FEA000468741 /* OpenGLES.framework */ = {isa = PBXFileReference; lastKnownFileType = wrapper.framework; name = OpenGLES.framework; path = System/Library/Frameworks/OpenGLES.framework; sourceTree = SDKROOT; };
		83B2570A0E62FF8A00468741 /* QuartzCore.framework */ = {isa = PBXFileReference; lastKnownFileType = wrapper.framework; name = QuartzCore.framework; path = System/Library/Frameworks/QuartzCore.framework; sourceTree = SDKROOT; };
		83B2574B0E63022200468741 /* OpenAL.framework */ = {isa = PBXFileReference; lastKnownFileType = wrapper.framework; name = OpenAL.framework; path = System/Library/Frameworks/OpenAL.framework; sourceTree = SDKROOT; };
		83B2574E0E63025400468741 /* libiconv.2.dylib */ = {isa = PBXFileReference; lastKnownFileType = "compiled.mach-o.dylib"; name = libiconv.2.dylib; path = usr/lib/libiconv.2.dylib; sourceTree = SDKROOT; };
		843F4E36849C54AF9495E2AF /* Bulk_UnityEngine_2.cpp */ = {isa = PBXFileReference; lastKnownFileType = sourcecode.cpp.cpp; name = Bulk_UnityEngine_2.cpp; path = Classes/Native/Bulk_UnityEngine_2.cpp; sourceTree = SOURCE_ROOT; };
		848031E01C5160D700FCEAB7 /* UnityReplayKit_Scripting.mm */ = {isa = PBXFileReference; fileEncoding = 4; lastKnownFileType = sourcecode.cpp.objcpp; path = UnityReplayKit_Scripting.mm; sourceTree = "<group>"; };
		84DC28F51C5137FE00BC67D7 /* UnityReplayKit.mm */ = {isa = PBXFileReference; fileEncoding = 4; lastKnownFileType = sourcecode.cpp.objcpp; path = UnityReplayKit.mm; sourceTree = "<group>"; };
		84DC28F71C51383500BC67D7 /* UnityReplayKit.h */ = {isa = PBXFileReference; fileEncoding = 4; lastKnownFileType = sourcecode.c.h; path = UnityReplayKit.h; sourceTree = "<group>"; };
		89484506B37C655BC53D4614 /* Bulk_Generics_0.cpp */ = {isa = PBXFileReference; lastKnownFileType = sourcecode.cpp.cpp; name = Bulk_Generics_0.cpp; path = Classes/Native/Bulk_Generics_0.cpp; sourceTree = SOURCE_ROOT; };
		8A07E1041715A5AB000EDC6F /* iAD.h */ = {isa = PBXFileReference; fileEncoding = 4; lastKnownFileType = sourcecode.c.h; path = iAD.h; sourceTree = "<group>"; };
		8A07E1051715A5AB000EDC6F /* iAD.mm */ = {isa = PBXFileReference; fileEncoding = 4; lastKnownFileType = sourcecode.cpp.objcpp; path = iAD.mm; sourceTree = "<group>"; };
		8A0FED471649699200E9727D /* EAGLContextHelper.h */ = {isa = PBXFileReference; fileEncoding = 4; lastKnownFileType = sourcecode.c.h; path = EAGLContextHelper.h; sourceTree = "<group>"; };
		8A0FED481649699200E9727D /* EAGLContextHelper.mm */ = {isa = PBXFileReference; fileEncoding = 4; lastKnownFileType = sourcecode.cpp.objcpp; path = EAGLContextHelper.mm; sourceTree = "<group>"; };
		8A142DC41636943E00DD87CA /* Keyboard.h */ = {isa = PBXFileReference; fileEncoding = 4; lastKnownFileType = sourcecode.c.h; path = Keyboard.h; sourceTree = "<group>"; };
		8A142DC51636943E00DD87CA /* Keyboard.mm */ = {isa = PBXFileReference; fileEncoding = 4; lastKnownFileType = sourcecode.cpp.objcpp; path = Keyboard.mm; sourceTree = "<group>"; };
		8A16150B1A8E4362006FA788 /* FullScreenVideoPlayer.mm */ = {isa = PBXFileReference; fileEncoding = 4; lastKnownFileType = sourcecode.cpp.objcpp; path = FullScreenVideoPlayer.mm; sourceTree = "<group>"; };
		8A1FFFAB16512A9000DD0934 /* GlesHelper.h */ = {isa = PBXFileReference; fileEncoding = 4; lastKnownFileType = sourcecode.c.h; path = GlesHelper.h; sourceTree = "<group>"; };
		8A1FFFAC16512A9000DD0934 /* GlesHelper.mm */ = {isa = PBXFileReference; fileEncoding = 4; lastKnownFileType = sourcecode.cpp.objcpp; path = GlesHelper.mm; sourceTree = "<group>"; };
		8A21AED21622F59300AF8007 /* UnityViewControllerBase.h */ = {isa = PBXFileReference; fileEncoding = 4; lastKnownFileType = sourcecode.c.h; path = UnityViewControllerBase.h; sourceTree = "<group>"; };
		8A25E6D118D767E20006A227 /* Filesystem.mm */ = {isa = PBXFileReference; fileEncoding = 4; lastKnownFileType = sourcecode.cpp.objcpp; path = Filesystem.mm; sourceTree = "<group>"; };
		8A292A9717992CE100409BA4 /* LifeCycleListener.h */ = {isa = PBXFileReference; lastKnownFileType = sourcecode.c.h; path = LifeCycleListener.h; sourceTree = "<group>"; };
		8A292A9817992CE100409BA4 /* LifeCycleListener.mm */ = {isa = PBXFileReference; lastKnownFileType = sourcecode.cpp.objcpp; path = LifeCycleListener.mm; sourceTree = "<group>"; };
		8A2AA93316E0978D001FB470 /* CMVideoSampling.h */ = {isa = PBXFileReference; fileEncoding = 4; lastKnownFileType = sourcecode.c.h; path = CMVideoSampling.h; sourceTree = "<group>"; };
		8A2AA93416E0978D001FB470 /* CMVideoSampling.mm */ = {isa = PBXFileReference; fileEncoding = 4; lastKnownFileType = sourcecode.cpp.objcpp; path = CMVideoSampling.mm; sourceTree = "<group>"; };
		8A367F5916A6D36F0012ED11 /* CVTextureCache.h */ = {isa = PBXFileReference; fileEncoding = 4; lastKnownFileType = sourcecode.c.h; path = CVTextureCache.h; sourceTree = "<group>"; };
		8A367F5A16A6D36F0012ED11 /* CVTextureCache.mm */ = {isa = PBXFileReference; fileEncoding = 4; lastKnownFileType = sourcecode.cpp.objcpp; path = CVTextureCache.mm; sourceTree = "<group>"; };
		8A3EDDC61615B7C1001839E9 /* SplashScreen.h */ = {isa = PBXFileReference; fileEncoding = 4; lastKnownFileType = sourcecode.c.h; path = SplashScreen.h; sourceTree = "<group>"; };
		8A3EDDC71615B7C1001839E9 /* SplashScreen.mm */ = {isa = PBXFileReference; fileEncoding = 4; lastKnownFileType = sourcecode.cpp.objcpp; path = SplashScreen.mm; sourceTree = "<group>"; };
		8A4815BF17A287D2003FBFD5 /* UnityAppController+ViewHandling.h */ = {isa = PBXFileReference; lastKnownFileType = sourcecode.c.h; path = "UnityAppController+ViewHandling.h"; sourceTree = "<group>"; };
		8A4815C017A287D2003FBFD5 /* UnityAppController+ViewHandling.mm */ = {isa = PBXFileReference; lastKnownFileType = sourcecode.cpp.objcpp; path = "UnityAppController+ViewHandling.mm"; sourceTree = "<group>"; };
		8A5C1490174E662D0006EB36 /* RenderPluginDelegate.h */ = {isa = PBXFileReference; fileEncoding = 4; lastKnownFileType = sourcecode.c.h; path = RenderPluginDelegate.h; sourceTree = "<group>"; };
		8A5C1491174E662D0006EB36 /* RenderPluginDelegate.mm */ = {isa = PBXFileReference; fileEncoding = 4; lastKnownFileType = sourcecode.cpp.objcpp; path = RenderPluginDelegate.mm; sourceTree = "<group>"; };
		8A5E0B8F16849D1800CBB6FE /* DisplayManager.h */ = {isa = PBXFileReference; fileEncoding = 4; lastKnownFileType = sourcecode.c.h; path = DisplayManager.h; sourceTree = "<group>"; };
		8A5E0B9016849D1800CBB6FE /* DisplayManager.mm */ = {isa = PBXFileReference; fileEncoding = 4; lastKnownFileType = sourcecode.cpp.objcpp; path = DisplayManager.mm; sourceTree = "<group>"; };
		8A6137121A10B57700059EDF /* ObjCRuntime.h */ = {isa = PBXFileReference; fileEncoding = 4; lastKnownFileType = sourcecode.c.h; path = ObjCRuntime.h; sourceTree = "<group>"; };
		8A6137131A10BCA200059EDF /* ObjCRuntime.mm */ = {isa = PBXFileReference; fileEncoding = 4; lastKnownFileType = sourcecode.cpp.objcpp; path = ObjCRuntime.mm; sourceTree = "<group>"; };
		8A6720A319EEB905006C92E0 /* InternalProfiler.cpp */ = {isa = PBXFileReference; fileEncoding = 4; lastKnownFileType = sourcecode.cpp.cpp; path = InternalProfiler.cpp; sourceTree = "<group>"; };
		8A6720A419EEB905006C92E0 /* InternalProfiler.h */ = {isa = PBXFileReference; fileEncoding = 4; lastKnownFileType = sourcecode.c.h; path = InternalProfiler.h; sourceTree = "<group>"; };
		8A6720A619EFAF25006C92E0 /* Prefix.pch */ = {isa = PBXFileReference; fileEncoding = 4; lastKnownFileType = sourcecode.c.h; path = Prefix.pch; sourceTree = "<group>"; };
		8A7057D0171EA29600A1332D /* iAD_Scripting.mm */ = {isa = PBXFileReference; fileEncoding = 4; lastKnownFileType = sourcecode.cpp.objcpp; path = iAD_Scripting.mm; sourceTree = "<group>"; };
		8A851BA516FB2F6D00E911DB /* UnityView.h */ = {isa = PBXFileReference; fileEncoding = 4; lastKnownFileType = sourcecode.c.h; path = UnityView.h; sourceTree = "<group>"; };
		8A851BA616FB2F6D00E911DB /* UnityView.mm */ = {isa = PBXFileReference; fileEncoding = 4; lastKnownFileType = sourcecode.cpp.objcpp; path = UnityView.mm; sourceTree = "<group>"; };
		8A851BA816FB3AD000E911DB /* UnityAppController.h */ = {isa = PBXFileReference; fileEncoding = 4; lastKnownFileType = sourcecode.c.h; path = UnityAppController.h; sourceTree = "<group>"; };
		8A851BA916FB3AD000E911DB /* UnityAppController.mm */ = {isa = PBXFileReference; fileEncoding = 4; lastKnownFileType = sourcecode.cpp.objcpp; path = UnityAppController.mm; sourceTree = "<group>"; };
		8A851BAB16FC875E00E911DB /* UnityInterface.h */ = {isa = PBXFileReference; fileEncoding = 4; lastKnownFileType = sourcecode.c.h; path = UnityInterface.h; sourceTree = "<group>"; };
		8A8D90D81A274A7800456C4E /* UnityAppController+UnityInterface.h */ = {isa = PBXFileReference; fileEncoding = 4; lastKnownFileType = sourcecode.c.h; path = "UnityAppController+UnityInterface.h"; sourceTree = "<group>"; };
		8A8D90D91A274A7800456C4E /* UnityAppController+UnityInterface.mm */ = {isa = PBXFileReference; fileEncoding = 4; lastKnownFileType = sourcecode.cpp.objcpp; path = "UnityAppController+UnityInterface.mm"; sourceTree = "<group>"; };
		8A90541019EE8843003D1039 /* UnityForwardDecls.h */ = {isa = PBXFileReference; fileEncoding = 4; lastKnownFileType = sourcecode.c.h; path = UnityForwardDecls.h; sourceTree = "<group>"; };
		8A9FCB111617295F00C05364 /* ActivityIndicator.h */ = {isa = PBXFileReference; fileEncoding = 4; lastKnownFileType = sourcecode.c.h; path = ActivityIndicator.h; sourceTree = "<group>"; };
		8A9FCB121617295F00C05364 /* ActivityIndicator.mm */ = {isa = PBXFileReference; fileEncoding = 4; lastKnownFileType = sourcecode.cpp.objcpp; path = ActivityIndicator.mm; sourceTree = "<group>"; };
		8AA108C01948732900D0538B /* UnityRendering.h */ = {isa = PBXFileReference; fileEncoding = 4; lastKnownFileType = sourcecode.c.h; path = UnityRendering.h; sourceTree = "<group>"; };
		8AA568AC1827DD79004969C7 /* WWWConnection.h */ = {isa = PBXFileReference; fileEncoding = 4; lastKnownFileType = sourcecode.c.h; path = WWWConnection.h; sourceTree = "<group>"; };
		8AA568AD1827DD79004969C7 /* WWWConnection.mm */ = {isa = PBXFileReference; fileEncoding = 4; lastKnownFileType = sourcecode.cpp.objcpp; path = WWWConnection.mm; sourceTree = "<group>"; };
		8AA5D80017ABE9AF007B9910 /* UnityAppController+Rendering.h */ = {isa = PBXFileReference; fileEncoding = 4; lastKnownFileType = sourcecode.c.h; path = "UnityAppController+Rendering.h"; sourceTree = "<group>"; };
		8AA5D80117ABE9AF007B9910 /* UnityAppController+Rendering.mm */ = {isa = PBXFileReference; fileEncoding = 4; lastKnownFileType = sourcecode.cpp.objcpp; path = "UnityAppController+Rendering.mm"; sourceTree = "<group>"; };
		8AA6ADDB17818CFD00A1C5F1 /* UnityTrampolineConfigure.h */ = {isa = PBXFileReference; lastKnownFileType = sourcecode.c.h; path = UnityTrampolineConfigure.h; sourceTree = "<group>"; };
		8AB3CB3C16D390BA00697AD5 /* VideoPlayer.h */ = {isa = PBXFileReference; fileEncoding = 4; lastKnownFileType = sourcecode.c.h; path = VideoPlayer.h; sourceTree = "<group>"; };
		8AB3CB3D16D390BB00697AD5 /* VideoPlayer.mm */ = {isa = PBXFileReference; fileEncoding = 4; lastKnownFileType = sourcecode.cpp.objcpp; path = VideoPlayer.mm; sourceTree = "<group>"; };
		8ABDBCE019CAFCF700A842FF /* AVCapture.h */ = {isa = PBXFileReference; fileEncoding = 4; lastKnownFileType = sourcecode.c.h; path = AVCapture.h; sourceTree = "<group>"; };
		8AC71EC219E7FBA90027502F /* OrientationSupport.h */ = {isa = PBXFileReference; fileEncoding = 4; lastKnownFileType = sourcecode.c.h; path = OrientationSupport.h; sourceTree = "<group>"; };
		8AC71EC319E7FBA90027502F /* OrientationSupport.mm */ = {isa = PBXFileReference; fileEncoding = 4; lastKnownFileType = sourcecode.cpp.objcpp; path = OrientationSupport.mm; sourceTree = "<group>"; };
		8AC74A9419B47FEF00019D38 /* AVCapture.mm */ = {isa = PBXFileReference; fileEncoding = 4; lastKnownFileType = sourcecode.cpp.objcpp; path = AVCapture.mm; sourceTree = "<group>"; };
		8ACB801B177081D4005D0019 /* DeviceSettings.mm */ = {isa = PBXFileReference; fileEncoding = 4; lastKnownFileType = sourcecode.cpp.objcpp; path = DeviceSettings.mm; sourceTree = "<group>"; };
		8ACB801D177081F7005D0019 /* Preprocessor.h */ = {isa = PBXFileReference; fileEncoding = 4; lastKnownFileType = sourcecode.c.h; path = Preprocessor.h; sourceTree = "<group>"; };
		8ADCE38919C87177006F04F6 /* CameraCapture.h */ = {isa = PBXFileReference; fileEncoding = 4; lastKnownFileType = sourcecode.c.h; path = CameraCapture.h; sourceTree = "<group>"; };
		8ADCE38A19C87177006F04F6 /* CameraCapture.mm */ = {isa = PBXFileReference; fileEncoding = 4; lastKnownFileType = sourcecode.cpp.objcpp; path = CameraCapture.mm; sourceTree = "<group>"; };
		8AECDC781950835600CB29E8 /* UnityMetalSupport.h */ = {isa = PBXFileReference; fileEncoding = 4; lastKnownFileType = sourcecode.c.h; path = UnityMetalSupport.h; sourceTree = "<group>"; };
		8AF7755E17997D1300341121 /* AppDelegateListener.h */ = {isa = PBXFileReference; lastKnownFileType = sourcecode.c.h; path = AppDelegateListener.h; sourceTree = "<group>"; };
		8AF7755F17997D1300341121 /* AppDelegateListener.mm */ = {isa = PBXFileReference; lastKnownFileType = sourcecode.cpp.objcpp; path = AppDelegateListener.mm; sourceTree = "<group>"; };
		8D1107310486CEB800E47090 /* Info.plist */ = {isa = PBXFileReference; fileEncoding = 4; lastKnownFileType = text.plist.xml; path = Info.plist; sourceTree = "<group>"; };
		8D5B4E0A925D9606965B5670 /* Bulk_Generics_4.cpp */ = {isa = PBXFileReference; lastKnownFileType = sourcecode.cpp.cpp; name = Bulk_Generics_4.cpp; path = Classes/Native/Bulk_Generics_4.cpp; sourceTree = SOURCE_ROOT; };
		8E95483EA94BFD60F69A5CA9 /* Bulk_UnityEngine.UI_0.cpp */ = {isa = PBXFileReference; lastKnownFileType = sourcecode.cpp.cpp; name = Bulk_UnityEngine.UI_0.cpp; path = Classes/Native/Bulk_UnityEngine.UI_0.cpp; sourceTree = SOURCE_ROOT; };
		937347C5A289F438912590CF /* CardboardSDK.bundle */ = {isa = PBXFileReference; lastKnownFileType = "wrapper.plug-in"; name = CardboardSDK.bundle; path = Frameworks/Plugins/iOS/CardboardSDK.bundle; sourceTree = SOURCE_ROOT; };
		98D9443B82BE3EF8165C355D /* Bulk_mscorlib_0.cpp */ = {isa = PBXFileReference; lastKnownFileType = sourcecode.cpp.cpp; name = Bulk_mscorlib_0.cpp; path = Classes/Native/Bulk_mscorlib_0.cpp; sourceTree = SOURCE_ROOT; };
		9994751E1A7BC3AE00178130 /* UnityAdsUnityWrapper.h */ = {isa = PBXFileReference; fileEncoding = 4; lastKnownFileType = sourcecode.c.h; name = UnityAdsUnityWrapper.h; path = UnityAds/UnityAdsUnityWrapper.h; sourceTree = "<group>"; };
		9994751F1A7BC3AE00178130 /* UnityAdsUnityWrapper.mm */ = {isa = PBXFileReference; fileEncoding = 4; lastKnownFileType = sourcecode.cpp.objcpp; name = UnityAdsUnityWrapper.mm; path = UnityAds/UnityAdsUnityWrapper.mm; sourceTree = "<group>"; };
		999475381A80DBC300178130 /* UnityAdsConfig.h */ = {isa = PBXFileReference; fileEncoding = 4; lastKnownFileType = sourcecode.c.h; name = UnityAdsConfig.h; path = UnityAds/UnityAdsConfig.h; sourceTree = "<group>"; };
		99A74D6E9E3EAC4B10A91396 /* IUnityGraphicsMetal.h */ = {isa = PBXFileReference; lastKnownFileType = sourcecode.c.h; name = IUnityGraphicsMetal.h; path = Classes/Unity/IUnityGraphicsMetal.h; sourceTree = SOURCE_ROOT; };
		AA31BF961B55660D0013FB1B /* Data */ = {isa = PBXFileReference; lastKnownFileType = folder; path = Data; sourceTree = "<group>"; };
		AA5D99861AFAD3C800B27605 /* CoreText.framework */ = {isa = PBXFileReference; lastKnownFileType = wrapper.framework; name = CoreText.framework; path = System/Library/Frameworks/CoreText.framework; sourceTree = SDKROOT; };
		AA8F4B651BD917A10024E7E3 /* UnityViewControllerBaseiOS.h */ = {isa = PBXFileReference; fileEncoding = 4; lastKnownFileType = sourcecode.c.h; path = UnityViewControllerBaseiOS.h; sourceTree = "<group>"; };
		AA8F4B661BD917A10024E7E3 /* UnityViewControllerBaseiOS.mm */ = {isa = PBXFileReference; fileEncoding = 4; lastKnownFileType = sourcecode.cpp.objcpp; path = UnityViewControllerBaseiOS.mm; sourceTree = "<group>"; };
		AA8F4B671BD917A10024E7E3 /* UnityViewControllerBaseTV.h */ = {isa = PBXFileReference; fileEncoding = 4; lastKnownFileType = sourcecode.c.h; path = UnityViewControllerBaseTV.h; sourceTree = "<group>"; };
		AA8F4B681BD917A10024E7E3 /* UnityViewControllerBaseTV.mm */ = {isa = PBXFileReference; fileEncoding = 4; lastKnownFileType = sourcecode.cpp.objcpp; path = UnityViewControllerBaseTV.mm; sourceTree = "<group>"; };
		AAC3E38B1A68945900F6174A /* RegisterFeatures.cpp */ = {isa = PBXFileReference; fileEncoding = 4; lastKnownFileType = sourcecode.cpp.cpp; path = RegisterFeatures.cpp; sourceTree = "<group>"; };
		AAC3E38C1A68945900F6174A /* RegisterFeatures.h */ = {isa = PBXFileReference; fileEncoding = 4; lastKnownFileType = sourcecode.c.h; path = RegisterFeatures.h; sourceTree = "<group>"; };
		AAFE69D019F187C200638316 /* UnityViewControllerListener.h */ = {isa = PBXFileReference; fileEncoding = 4; lastKnownFileType = sourcecode.c.h; path = UnityViewControllerListener.h; sourceTree = "<group>"; };
		AAFE69D119F187C200638316 /* UnityViewControllerListener.mm */ = {isa = PBXFileReference; fileEncoding = 4; lastKnownFileType = sourcecode.cpp.objcpp; path = UnityViewControllerListener.mm; sourceTree = "<group>"; };
		AC0A4D0490AD17644A6B4EB3 /* Il2CppMarshalingFunctionsTable.cpp */ = {isa = PBXFileReference; lastKnownFileType = sourcecode.cpp.cpp; name = Il2CppMarshalingFunctionsTable.cpp; path = Classes/Native/Il2CppMarshalingFunctionsTable.cpp; sourceTree = SOURCE_ROOT; };
		B17F44019CEDAF538C57DADF /* Il2CppDelegateWrappersManagedToNativeTable.cpp */ = {isa = PBXFileReference; lastKnownFileType = sourcecode.cpp.cpp; name = Il2CppDelegateWrappersManagedToNativeTable.cpp; path = Classes/Native/Il2CppDelegateWrappersManagedToNativeTable.cpp; sourceTree = SOURCE_ROOT; };
		BEBA420FA57B3D1BFBBB4203 /* Bulk_System_1.cpp */ = {isa = PBXFileReference; lastKnownFileType = sourcecode.cpp.cpp; name = Bulk_System_1.cpp; path = Classes/Native/Bulk_System_1.cpp; sourceTree = SOURCE_ROOT; };
		C2C84E488827308D96DE3C74 /* Bulk_UnityEngine_3.cpp */ = {isa = PBXFileReference; lastKnownFileType = sourcecode.cpp.cpp; name = Bulk_UnityEngine_3.cpp; path = Classes/Native/Bulk_UnityEngine_3.cpp; sourceTree = SOURCE_ROOT; };
		C44E47B8819B72A066BB186D /* GenericMethods0.cpp */ = {isa = PBXFileReference; lastKnownFileType = sourcecode.cpp.cpp; name = GenericMethods0.cpp; path = Classes/Native/GenericMethods0.cpp; sourceTree = SOURCE_ROOT; };
		C6B840EB933A1B5483DBDA43 /* Bulk_UnityEngine.UI_1.cpp */ = {isa = PBXFileReference; lastKnownFileType = sourcecode.cpp.cpp; name = Bulk_UnityEngine.UI_1.cpp; path = Classes/Native/Bulk_UnityEngine.UI_1.cpp; sourceTree = SOURCE_ROOT; };
		C8514D1BAE190C57CCB44411 /* Bulk_Generics_6.cpp */ = {isa = PBXFileReference; lastKnownFileType = sourcecode.cpp.cpp; name = Bulk_Generics_6.cpp; path = Classes/Native/Bulk_Generics_6.cpp; sourceTree = SOURCE_ROOT; };
		CD144FACA6925B5A24B7F090 /* GoogleKitCore.bundle */ = {isa = PBXFileReference; lastKnownFileType = "wrapper.plug-in"; name = GoogleKitCore.bundle; path = Frameworks/Plugins/iOS/GoogleKitCore.bundle; sourceTree = SOURCE_ROOT; };
		D46A409BBA07EA1E83F541A0 /* Il2CppMetadataUsage.cpp */ = {isa = PBXFileReference; lastKnownFileType = sourcecode.cpp.cpp; name = Il2CppMetadataUsage.cpp; path = Classes/Native/Il2CppMetadataUsage.cpp; sourceTree = SOURCE_ROOT; };
		D82DCFBB0E8000A5005D6AD8 /* main.mm */ = {isa = PBXFileReference; fileEncoding = 4; lastKnownFileType = sourcecode.cpp.objcpp; name = main.mm; path = Classes/main.mm; sourceTree = SOURCE_ROOT; };
		D8A1C7240E80637F000160D3 /* RegisterMonoModules.cpp */ = {isa = PBXFileReference; fileEncoding = 4; lastKnownFileType = sourcecode.cpp.cpp; name = RegisterMonoModules.cpp; path = Libraries/RegisterMonoModules.cpp; sourceTree = SOURCE_ROOT; };
		D8A1C7250E80637F000160D3 /* RegisterMonoModules.h */ = {isa = PBXFileReference; fileEncoding = 4; lastKnownFileType = sourcecode.c.h; name = RegisterMonoModules.h; path = Libraries/RegisterMonoModules.h; sourceTree = SOURCE_ROOT; };
		D8A1C72A0E8063A1000160D3 /* libiPhone-lib.a */ = {isa = PBXFileReference; lastKnownFileType = archive.ar; name = "libiPhone-lib.a"; path = "Libraries/libiPhone-lib.a"; sourceTree = SOURCE_ROOT; };
		DAE14CB897CADC5CA8E6A04E /* libgvrunity.a */ = {isa = PBXFileReference; lastKnownFileType = archive.ar; name = libgvrunity.a; path = Libraries/Plugins/iOS/libgvrunity.a; sourceTree = SOURCE_ROOT; };
		DAF64955933C9A2A542497A1 /* Bulk_mscorlib_2.cpp */ = {isa = PBXFileReference; lastKnownFileType = sourcecode.cpp.cpp; name = Bulk_mscorlib_2.cpp; path = Classes/Native/Bulk_mscorlib_2.cpp; sourceTree = SOURCE_ROOT; };
		DF114F5084A63E87490175BB /* UnityICallRegistration.cpp */ = {isa = PBXFileReference; lastKnownFileType = sourcecode.cpp.cpp; name = UnityICallRegistration.cpp; path = Classes/Native/UnityICallRegistration.cpp; sourceTree = SOURCE_ROOT; };
		E4034C90AAE3B3DA0D46C6C3 /* GenericMethods1.cpp */ = {isa = PBXFileReference; lastKnownFileType = sourcecode.cpp.cpp; name = GenericMethods1.cpp; path = Classes/Native/GenericMethods1.cpp; sourceTree = SOURCE_ROOT; };
		E83743C18DB58E08E3EA7492 /* LaunchScreen-iPad.png */ = {isa = PBXFileReference; lastKnownFileType = image.png; path = "LaunchScreen-iPad.png"; sourceTree = SOURCE_ROOT; };
		E9BD46B4872F32409CC0789D /* Bulk_Generics_3.cpp */ = {isa = PBXFileReference; lastKnownFileType = sourcecode.cpp.cpp; name = Bulk_Generics_3.cpp; path = Classes/Native/Bulk_Generics_3.cpp; sourceTree = SOURCE_ROOT; };
		EE6F4FDE8BE3BA75D9DD3FB4 /* Bulk_Generics_8.cpp */ = {isa = PBXFileReference; lastKnownFileType = sourcecode.cpp.cpp; name = Bulk_Generics_8.cpp; path = Classes/Native/Bulk_Generics_8.cpp; sourceTree = SOURCE_ROOT; };
		F09E4791910711348B57F91C /* Security.framework */ = {isa = PBXFileReference; lastKnownFileType = wrapper.framework; name = Security.framework; path = System/Library/Frameworks/Security.framework; sourceTree = SDKROOT; };
		F2D348EB9AD6464D9F11DF48 /* Bulk_System.Core_0.cpp */ = {isa = PBXFileReference; lastKnownFileType = sourcecode.cpp.cpp; name = Bulk_System.Core_0.cpp; path = Classes/Native/Bulk_System.Core_0.cpp; sourceTree = SOURCE_ROOT; };
		F4D143F2AC380199078A64F5 /* CardboardAppController.h */ = {isa = PBXFileReference; lastKnownFileType = sourcecode.c.h; name = CardboardAppController.h; path = Libraries/Plugins/iOS/CardboardAppController.h; sourceTree = SOURCE_ROOT; };
		F81747C0811C1F1FE804E2F1 /* Il2CppGenericClassTable.cpp */ = {isa = PBXFileReference; lastKnownFileType = sourcecode.cpp.cpp; name = Il2CppGenericClassTable.cpp; path = Classes/Native/Il2CppGenericClassTable.cpp; sourceTree = SOURCE_ROOT; };
		FA9E4B0A8E167FD719FD8C89 /* Bulk_System_2.cpp */ = {isa = PBXFileReference; lastKnownFileType = sourcecode.cpp.cpp; name = Bulk_System_2.cpp; path = Classes/Native/Bulk_System_2.cpp; sourceTree = SOURCE_ROOT; };
		FC0B20A11B7A4F0B00FDFC55 /* OnDemandResources.mm */ = {isa = PBXFileReference; fileEncoding = 4; lastKnownFileType = sourcecode.cpp.objcpp; path = OnDemandResources.mm; sourceTree = "<group>"; };
		FC3D7EBE16D2621600D1BD0D /* CrashReporter.h */ = {isa = PBXFileReference; fileEncoding = 4; lastKnownFileType = sourcecode.c.h; path = CrashReporter.h; sourceTree = "<group>"; };
		FC85CCB916C3ED8000BAF7C7 /* CrashReporter.mm */ = {isa = PBXFileReference; fileEncoding = 4; lastKnownFileType = sourcecode.cpp.objcpp; path = CrashReporter.mm; sourceTree = "<group>"; };
		FC85CCBA16C3ED8000BAF7C7 /* PLCrashReporter.h */ = {isa = PBXFileReference; fileEncoding = 4; lastKnownFileType = sourcecode.c.h; path = PLCrashReporter.h; sourceTree = "<group>"; };
		FD104F60A33469DE03CF68D5 /* GoogleKitDialogs.bundle */ = {isa = PBXFileReference; lastKnownFileType = "wrapper.plug-in"; name = GoogleKitDialogs.bundle; path = Frameworks/Plugins/iOS/GoogleKitDialogs.bundle; sourceTree = SOURCE_ROOT; };
		FFDE4E82A04594CD8DFF9489 /* UnityClassRegistration.cpp */ = {isa = PBXFileReference; lastKnownFileType = sourcecode.cpp.cpp; name = UnityClassRegistration.cpp; path = Classes/Native/UnityClassRegistration.cpp; sourceTree = SOURCE_ROOT; };
/* End PBXFileReference section */

/* Begin PBXFrameworksBuildPhase section */
		1D60588F0D05DD3D006BFB54 /* Frameworks */ = {
			isa = PBXFrameworksBuildPhase;
			buildActionMask = 2147483647;
			files = (
				00000000008063A1000160D3 /* libiPhone-lib.a in Frameworks */,
				AA5D99871AFAD3C800B27605 /* CoreText.framework in Frameworks */,
				8358D1B80ED1CC3700E3A684 /* AudioToolbox.framework in Frameworks */,
				7F36C11313C5C673007FBDD9 /* AVFoundation.framework in Frameworks */,
				56FD43960ED4745200FE3770 /* CFNetwork.framework in Frameworks */,
				56B7959B1442E0F20026B3DD /* CoreGraphics.framework in Frameworks */,
				5692F3DD0FA9D8E500EBA2F1 /* CoreLocation.framework in Frameworks */,
				7F36C11113C5C673007FBDD9 /* CoreMedia.framework in Frameworks */,
				56B7960F1442E1770026B3DD /* CoreMotion.framework in Frameworks */,
				7F36C11213C5C673007FBDD9 /* CoreVideo.framework in Frameworks */,
				1D60589F0D05DD5A006BFB54 /* Foundation.framework in Frameworks */,
				08B24F76137BFDFA00FBA309 /* iAd.framework in Frameworks */,
				5682F4B20F3B34FF007A219C /* MediaPlayer.framework in Frameworks */,
				83B2574C0E63022200468741 /* OpenAL.framework in Frameworks */,
				83B256E20E62FEA000468741 /* OpenGLES.framework in Frameworks */,
				83B2570B0E62FF8A00468741 /* QuartzCore.framework in Frameworks */,
				56BCBA390FCF049A0030C3B2 /* SystemConfiguration.framework in Frameworks */,
				830B5C110E5ED4C100C7819F /* UIKit.framework in Frameworks */,
				83B2574F0E63025400468741 /* libiconv.2.dylib in Frameworks */,
				36A440859C167C0E5446DA21 /* libgvrunity.a in Frameworks */,
				EAEF4145A2EB46053F363D76 /* Security.framework in Frameworks */,
				B04449AA80C5E88B9CD2FF59 /* GLKit.framework in Frameworks */,
			);
			runOnlyForDeploymentPostprocessing = 0;
		};
		5623C57017FDCB0800090B9E /* Frameworks */ = {
			isa = PBXFrameworksBuildPhase;
			buildActionMask = 2147483647;
			files = (
				5623C57717FDCB0800090B9E /* UIKit.framework in Frameworks */,
				5623C57617FDCB0800090B9E /* Foundation.framework in Frameworks */,
			);
			runOnlyForDeploymentPostprocessing = 0;
		};
/* End PBXFrameworksBuildPhase section */

/* Begin PBXGroup section */
		19C28FACFE9D520D11CA2CBB /* Products */ = {
			isa = PBXGroup;
			children = (
				1D6058910D05DD3D006BFB54 /* Labyrinth-Escape.app */,
				5623C57317FDCB0800090B9E /* Labyrinth-Escape.xctest */,
			);
			name = Products;
			sourceTree = "<group>";
		};
		29B97314FDCFA39411CA2CEA /* CustomTemplate */ = {
			isa = PBXGroup;
			children = (
				AA31BF961B55660D0013FB1B /* Data */,
				56C56C9717D6015100616839 /* Images.xcassets */,
				D82DCFB50E8000A5005D6AD8 /* Classes */,
				5623C57817FDCB0800090B9E /* Unity-iPhone Tests */,
				29B97323FDCFA39411CA2CEA /* Frameworks */,
				D8A1C7220E80637F000160D3 /* Libraries */,
				19C28FACFE9D520D11CA2CBB /* Products */,
				8D1107310486CEB800E47090 /* Info.plist */,
				83B2574E0E63025400468741 /* libiconv.2.dylib */,
				61C14BD9841CBAE383DB665C /* LaunchScreen-iPhone.xib */,
				60D14CB8A33E320AFB13387B /* LaunchScreen-iPhonePortrait.png */,
				79BF44BF99F4A4094624274E /* LaunchScreen-iPhoneLandscape.png */,
				57404752BC98DE188C0DC309 /* LaunchScreen-iPad.xib */,
				E83743C18DB58E08E3EA7492 /* LaunchScreen-iPad.png */,
			);
			name = CustomTemplate;
			sourceTree = "<group>";
		};
		29B97323FDCFA39411CA2CEA /* Frameworks */ = {
			isa = PBXGroup;
			children = (
				AA5D99861AFAD3C800B27605 /* CoreText.framework */,
				8358D1B70ED1CC3700E3A684 /* AudioToolbox.framework */,
				7F36C11013C5C673007FBDD9 /* AVFoundation.framework */,
				56FD43950ED4745200FE3770 /* CFNetwork.framework */,
				56B7959A1442E0F20026B3DD /* CoreGraphics.framework */,
				5692F3DC0FA9D8E500EBA2F1 /* CoreLocation.framework */,
				7F36C10E13C5C673007FBDD9 /* CoreMedia.framework */,
				56B795C11442E1100026B3DD /* CoreMotion.framework */,
				7F36C10F13C5C673007FBDD9 /* CoreVideo.framework */,
				1D30AB110D05D00D00671497 /* Foundation.framework */,
				08B24F75137BFDFA00FBA309 /* iAd.framework */,
				5682F4B10F3B34FF007A219C /* MediaPlayer.framework */,
				83B2574B0E63022200468741 /* OpenAL.framework */,
				83B256E10E62FEA000468741 /* OpenGLES.framework */,
				83B2570A0E62FF8A00468741 /* QuartzCore.framework */,
				56BCBA380FCF049A0030C3B2 /* SystemConfiguration.framework */,
				830B5C100E5ED4C100C7819F /* UIKit.framework */,
				2F9E407995CC732DA72827D5 /* Plugins */,
				F09E4791910711348B57F91C /* Security.framework */,
				07F54ACCB66F5C7A0495B3C8 /* GLKit.framework */,
			);
			name = Frameworks;
			sourceTree = "<group>";
		};
		2E6746ADB8226944DCB56721 /* iOS */ = {
			isa = PBXGroup;
			children = (
				689E4407BA5F96E52C72EF92 /* CardboardAppController.mm */,
				F4D143F2AC380199078A64F5 /* CardboardAppController.h */,
				DAE14CB897CADC5CA8E6A04E /* libgvrunity.a */,
			);
			path = iOS;
			sourceTree = "<group>";
		};
		2F9E407995CC732DA72827D5 /* Plugins */ = {
			isa = PBXGroup;
			children = (
				BDE443B1AAE9E96C5920CA99 /* iOS */,
			);
			path = Plugins;
			sourceTree = "<group>";
		};
		5623C57817FDCB0800090B9E /* Unity-iPhone Tests */ = {
			isa = PBXGroup;
			children = (
				5623C57E17FDCB0900090B9E /* Unity_iPhone_Tests.m */,
				5623C57917FDCB0800090B9E /* Supporting Files */,
			);
			path = "Unity-iPhone Tests";
			sourceTree = "<group>";
		};
		5623C57917FDCB0800090B9E /* Supporting Files */ = {
			isa = PBXGroup;
			children = (
				5623C57A17FDCB0900090B9E /* Unity-iPhone Tests-Info.plist */,
				5623C57B17FDCB0900090B9E /* InfoPlist.strings */,
				5623C58017FDCB0900090B9E /* Unity-iPhone Tests-Prefix.pch */,
			);
			name = "Supporting Files";
			sourceTree = "<group>";
		};
		5BB24A518A90039718204D31 /* Plugins */ = {
			isa = PBXGroup;
			children = (
				2E6746ADB8226944DCB56721 /* iOS */,
			);
			path = Plugins;
			sourceTree = "<group>";
		};
		797541F7A473F431CFC5CBBC /* Native */ = {
			isa = PBXGroup;
			children = (
				7806417FB472356A40CE3AF2 /* Bulk_Assembly-CSharp_0.cpp */,
				89484506B37C655BC53D4614 /* Bulk_Generics_0.cpp */,
				06AD4AC1B29D913A70508DE2 /* Bulk_Generics_1.cpp */,
				0CFA44449D09E3575CA5F616 /* Bulk_Generics_2.cpp */,
				E9BD46B4872F32409CC0789D /* Bulk_Generics_3.cpp */,
				8D5B4E0A925D9606965B5670 /* Bulk_Generics_4.cpp */,
				2DCC460B8F74FBF364AE39DD /* Bulk_Generics_5.cpp */,
				C8514D1BAE190C57CCB44411 /* Bulk_Generics_6.cpp */,
				52CA439DB96B7904F67B87BB /* Bulk_Generics_7.cpp */,
				EE6F4FDE8BE3BA75D9DD3FB4 /* Bulk_Generics_8.cpp */,
				737C46FF86831DDCCE36E27A /* Bulk_Google.ProtocolBuffers_0.cpp */,
				023E4BE8A27EE7F6E311A9AF /* Bulk_Mono.Security_0.cpp */,
				15554E4C8028F2198BF874C4 /* Bulk_Mono.Security_1.cpp */,
				F2D348EB9AD6464D9F11DF48 /* Bulk_System.Core_0.cpp */,
				0D34403EAA1E243284757C92 /* Bulk_System_0.cpp */,
				BEBA420FA57B3D1BFBBB4203 /* Bulk_System_1.cpp */,
				FA9E4B0A8E167FD719FD8C89 /* Bulk_System_2.cpp */,
				8E95483EA94BFD60F69A5CA9 /* Bulk_UnityEngine.UI_0.cpp */,
				C6B840EB933A1B5483DBDA43 /* Bulk_UnityEngine.UI_1.cpp */,
				5FB34FC581DD9AD0908A42B5 /* Bulk_UnityEngine_0.cpp */,
				3E4748EEB87CFD6D52518472 /* Bulk_UnityEngine_1.cpp */,
				843F4E36849C54AF9495E2AF /* Bulk_UnityEngine_2.cpp */,
				C2C84E488827308D96DE3C74 /* Bulk_UnityEngine_3.cpp */,
				98D9443B82BE3EF8165C355D /* Bulk_mscorlib_0.cpp */,
				350B4828A4629B98ABF5EDA5 /* Bulk_mscorlib_1.cpp */,
				DAF64955933C9A2A542497A1 /* Bulk_mscorlib_2.cpp */,
				575C42728C135DD6B1DE621F /* Bulk_mscorlib_3.cpp */,
				513B48808C6D238D6177B2E1 /* Bulk_mscorlib_4.cpp */,
				14EF4E109707F2454E32EA2A /* Bulk_mscorlib_5.cpp */,
				1BC141649638E2D0884987AE /* Bulk_mscorlib_6.cpp */,
				12F54872B3E88933E93EBE39 /* Bulk_mscorlib_7.cpp */,
				C44E47B8819B72A066BB186D /* GenericMethods0.cpp */,
				E4034C90AAE3B3DA0D46C6C3 /* GenericMethods1.cpp */,
				69E94145825858FE70A24C8D /* Il2CppAttributes.cpp */,
				0FC74A178EE6A1B78E90D1E5 /* Il2CppCodeRegistration.cpp */,
				64194082AB8CAD72B0733F1B /* Il2CppCompilerCalculateTypeValuesTable.cpp */,
				B17F44019CEDAF538C57DADF /* Il2CppDelegateWrappersManagedToNativeTable.cpp */,
				F81747C0811C1F1FE804E2F1 /* Il2CppGenericClassTable.cpp */,
				11AE4F2DAA86D01FA8ED31F5 /* Il2CppGenericInstDefinitions.cpp */,
				363C4A0FAF21E31736DAC149 /* Il2CppGenericMethodDefinitions.cpp */,
				38B54A96B3AC30418E86A700 /* Il2CppGenericMethodPointerTable.cpp */,
				23574A0590B58CDFC0E407FF /* Il2CppGenericMethodTable.cpp */,
				228F4D7BA6C039A414B62B48 /* Il2CppGuids.cpp */,
				76EE4A9394918FB0B87B4821 /* Il2CppInvokerTable.cpp */,
				AC0A4D0490AD17644A6B4EB3 /* Il2CppMarshalingFunctionsTable.cpp */,
				4E73491E8D10DD460E1D2941 /* Il2CppMetadataRegistration.cpp */,
				D46A409BBA07EA1E83F541A0 /* Il2CppMetadataUsage.cpp */,
				4E2B480A8AB8F711E959AED2 /* Il2CppMethodPointerTable.cpp */,
				36674684B031A31D486AD046 /* Il2CppTypeDefinitions.cpp */,
				FFDE4E82A04594CD8DFF9489 /* UnityClassRegistration.cpp */,
				DF114F5084A63E87490175BB /* UnityICallRegistration.cpp */,
			);
			path = Native;
			sourceTree = "<group>";
		};
		8A3EDDC51615B7C1001839E9 /* UI */ = {
			isa = PBXGroup;
			children = (
				8A9FCB111617295F00C05364 /* ActivityIndicator.h */,
				8A9FCB121617295F00C05364 /* ActivityIndicator.mm */,
				8A7057D0171EA29600A1332D /* iAD_Scripting.mm */,
				8A07E1041715A5AB000EDC6F /* iAD.h */,
				8A07E1051715A5AB000EDC6F /* iAD.mm */,
				8A142DC41636943E00DD87CA /* Keyboard.h */,
				8A142DC51636943E00DD87CA /* Keyboard.mm */,
				8AC71EC219E7FBA90027502F /* OrientationSupport.h */,
				8AC71EC319E7FBA90027502F /* OrientationSupport.mm */,
				8A3EDDC61615B7C1001839E9 /* SplashScreen.h */,
				8A3EDDC71615B7C1001839E9 /* SplashScreen.mm */,
				8A4815BF17A287D2003FBFD5 /* UnityAppController+ViewHandling.h */,
				8A4815C017A287D2003FBFD5 /* UnityAppController+ViewHandling.mm */,
				8A851BA516FB2F6D00E911DB /* UnityView.h */,
				8A851BA616FB2F6D00E911DB /* UnityView.mm */,
				8A21AED21622F59300AF8007 /* UnityViewControllerBase.h */,
				AA8F4B651BD917A10024E7E3 /* UnityViewControllerBaseiOS.h */,
				AA8F4B661BD917A10024E7E3 /* UnityViewControllerBaseiOS.mm */,
				AA8F4B671BD917A10024E7E3 /* UnityViewControllerBaseTV.h */,
				AA8F4B681BD917A10024E7E3 /* UnityViewControllerBaseTV.mm */,
			);
			path = UI;
			sourceTree = "<group>";
		};
		8A5C148F174E662D0006EB36 /* PluginBase */ = {
			isa = PBXGroup;
			children = (
				8AF7755E17997D1300341121 /* AppDelegateListener.h */,
				8AF7755F17997D1300341121 /* AppDelegateListener.mm */,
				8A292A9717992CE100409BA4 /* LifeCycleListener.h */,
				8A292A9817992CE100409BA4 /* LifeCycleListener.mm */,
				8A5C1490174E662D0006EB36 /* RenderPluginDelegate.h */,
				8A5C1491174E662D0006EB36 /* RenderPluginDelegate.mm */,
				AAFE69D019F187C200638316 /* UnityViewControllerListener.h */,
				AAFE69D119F187C200638316 /* UnityViewControllerListener.mm */,
			);
			path = PluginBase;
			sourceTree = "<group>";
		};
		8AF18FE316490981007B4420 /* Unity */ = {
			isa = PBXGroup;
			children = (
				FC0B20A11B7A4F0B00FDFC55 /* OnDemandResources.mm */,
				8ABDBCE019CAFCF700A842FF /* AVCapture.h */,
				8AC74A9419B47FEF00019D38 /* AVCapture.mm */,
				8ADCE38919C87177006F04F6 /* CameraCapture.h */,
				8ADCE38A19C87177006F04F6 /* CameraCapture.mm */,
				8A2AA93316E0978D001FB470 /* CMVideoSampling.h */,
				8A2AA93416E0978D001FB470 /* CMVideoSampling.mm */,
				8A367F5916A6D36F0012ED11 /* CVTextureCache.h */,
				8A367F5A16A6D36F0012ED11 /* CVTextureCache.mm */,
				8ACB801B177081D4005D0019 /* DeviceSettings.mm */,
				8A5E0B8F16849D1800CBB6FE /* DisplayManager.h */,
				8A5E0B9016849D1800CBB6FE /* DisplayManager.mm */,
				8A0FED471649699200E9727D /* EAGLContextHelper.h */,
				8A0FED481649699200E9727D /* EAGLContextHelper.mm */,
				8A25E6D118D767E20006A227 /* Filesystem.mm */,
				8A1FFFAB16512A9000DD0934 /* GlesHelper.h */,
				8A1FFFAC16512A9000DD0934 /* GlesHelper.mm */,
				8A6720A319EEB905006C92E0 /* InternalProfiler.cpp */,
				8A6720A419EEB905006C92E0 /* InternalProfiler.h */,
				1859EA9A19214E7B0022C3D3 /* MetalHelper.mm */,
				8A16150B1A8E4362006FA788 /* FullScreenVideoPlayer.mm */,
				8A6137121A10B57700059EDF /* ObjCRuntime.h */,
				8A6137131A10BCA200059EDF /* ObjCRuntime.mm */,
				8A90541019EE8843003D1039 /* UnityForwardDecls.h */,
				8A851BAB16FC875E00E911DB /* UnityInterface.h */,
				8AECDC781950835600CB29E8 /* UnityMetalSupport.h */,
				8AA108C01948732900D0538B /* UnityRendering.h */,
				84DC28F71C51383500BC67D7 /* UnityReplayKit.h */,
				84DC28F51C5137FE00BC67D7 /* UnityReplayKit.mm */,
				848031E01C5160D700FCEAB7 /* UnityReplayKit_Scripting.mm */,
				8AB3CB3C16D390BA00697AD5 /* VideoPlayer.h */,
				8AB3CB3D16D390BB00697AD5 /* VideoPlayer.mm */,
				8AA568AC1827DD79004969C7 /* WWWConnection.h */,
				8AA568AD1827DD79004969C7 /* WWWConnection.mm */,
				49D34672BDB33B7648F64030 /* IUnityInterface.h */,
				62E747529B76BE08DE1B2D3F /* IUnityGraphics.h */,
				99A74D6E9E3EAC4B10A91396 /* IUnityGraphicsMetal.h */,
			);
			path = Unity;
			sourceTree = "<group>";
		};
		999475211A7BC3B100178130 /* UnityAds */ = {
			isa = PBXGroup;
			children = (
				999475381A80DBC300178130 /* UnityAdsConfig.h */,
				9994751E1A7BC3AE00178130 /* UnityAdsUnityWrapper.h */,
				9994751F1A7BC3AE00178130 /* UnityAdsUnityWrapper.mm */,
			);
			name = UnityAds;
			sourceTree = "<group>";
		};
		BDE443B1AAE9E96C5920CA99 /* iOS */ = {
			isa = PBXGroup;
			children = (
				415D484D939213D39A182CC6 /* MaterialRobotoFontLoader.bundle */,
				FD104F60A33469DE03CF68D5 /* GoogleKitDialogs.bundle */,
				937347C5A289F438912590CF /* CardboardSDK.bundle */,
				6DB541B4A1ABBB598EA37707 /* GoogleKitHUD.bundle */,
				CD144FACA6925B5A24B7F090 /* GoogleKitCore.bundle */,
			);
			path = iOS;
			sourceTree = "<group>";
		};
		D82DCFB50E8000A5005D6AD8 /* Classes */ = {
			isa = PBXGroup;
			children = (
				999475211A7BC3B100178130 /* UnityAds */,
				8A5C148F174E662D0006EB36 /* PluginBase */,
				8A3EDDC51615B7C1001839E9 /* UI */,
				8AF18FE316490981007B4420 /* Unity */,
				FC3D7EBE16D2621600D1BD0D /* CrashReporter.h */,
				FC85CCB916C3ED8000BAF7C7 /* CrashReporter.mm */,
				56DBF99E15E3CE85007A4A8D /* iPhone_Sensors.h */,
				56DBF99C15E3CDC9007A4A8D /* iPhone_Sensors.mm */,
				D82DCFBB0E8000A5005D6AD8 /* main.mm */,
				FC85CCBA16C3ED8000BAF7C7 /* PLCrashReporter.h */,
				8A6720A619EFAF25006C92E0 /* Prefix.pch */,
				8ACB801D177081F7005D0019 /* Preprocessor.h */,
				8A851BA816FB3AD000E911DB /* UnityAppController.h */,
				8A851BA916FB3AD000E911DB /* UnityAppController.mm */,
				8AA5D80017ABE9AF007B9910 /* UnityAppController+Rendering.h */,
				8AA5D80117ABE9AF007B9910 /* UnityAppController+Rendering.mm */,
				8A8D90D81A274A7800456C4E /* UnityAppController+UnityInterface.h */,
				8A8D90D91A274A7800456C4E /* UnityAppController+UnityInterface.mm */,
				8AA6ADDB17818CFD00A1C5F1 /* UnityTrampolineConfigure.h */,
				797541F7A473F431CFC5CBBC /* Native */,
			);
			path = Classes;
			sourceTree = SOURCE_ROOT;
		};
		D8A1C7220E80637F000160D3 /* Libraries */ = {
			isa = PBXGroup;
			children = (
				AAC3E38B1A68945900F6174A /* RegisterFeatures.cpp */,
				AAC3E38C1A68945900F6174A /* RegisterFeatures.h */,
				D8A1C72A0E8063A1000160D3 /* libiPhone-lib.a */,
				D8A1C7240E80637F000160D3 /* RegisterMonoModules.cpp */,
				D8A1C7250E80637F000160D3 /* RegisterMonoModules.h */,
				03F528621B447098000F4FB8 /* Il2CppOptions.cpp */,
				5BB24A518A90039718204D31 /* Plugins */,
			);
			path = Libraries;
			sourceTree = SOURCE_ROOT;
		};
/* End PBXGroup section */

/* Begin PBXNativeTarget section */
		1D6058900D05DD3D006BFB54 /* Unity-iPhone */ = {
			isa = PBXNativeTarget;
			buildConfigurationList = 1D6058960D05DD3E006BFB54 /* Build configuration list for PBXNativeTarget "Unity-iPhone" */;
			buildPhases = (
				1D60588D0D05DD3D006BFB54 /* Resources */,
				83D0C1FD0E6C8D7700EBCE5D /* CopyFiles */,
				1D60588E0D05DD3D006BFB54 /* Sources */,
				1D60588F0D05DD3D006BFB54 /* Frameworks */,
				033966F41B18B03000ECD701 /* ShellScript */,
			);
			buildRules = (
			);
			dependencies = (
			);
			name = "Unity-iPhone";
			productName = "iPhone-target";
			productReference = 1D6058910D05DD3D006BFB54 /* Labyrinth-Escape.app */;
			productType = "com.apple.product-type.application";
		};
		5623C57217FDCB0800090B9E /* Unity-iPhone Tests */ = {
			isa = PBXNativeTarget;
			buildConfigurationList = 5623C58517FDCB0900090B9E /* Build configuration list for PBXNativeTarget "Unity-iPhone Tests" */;
			buildPhases = (
				5623C56F17FDCB0800090B9E /* Sources */,
				5623C57017FDCB0800090B9E /* Frameworks */,
				5623C57117FDCB0800090B9E /* Resources */,
			);
			buildRules = (
			);
			dependencies = (
				5623C58217FDCB0900090B9E /* PBXTargetDependency */,
			);
			name = "Unity-iPhone Tests";
			productName = "Unity-iPhone Tests";
			productReference = 5623C57317FDCB0800090B9E /* Labyrinth-Escape.xctest */;
			productType = "com.apple.product-type.bundle.unit-test";
		};
/* End PBXNativeTarget section */

/* Begin PBXProject section */
		29B97313FDCFA39411CA2CEA /* Project object */ = {
			isa = PBXProject;
			attributes = {
				TargetAttributes = {
					5623C57217FDCB0800090B9E = {
						TestTargetID = 1D6058900D05DD3D006BFB54;
					};
				};
			};
			buildConfigurationList = C01FCF4E08A954540054247B /* Build configuration list for PBXProject "Unity-iPhone" */;
			compatibilityVersion = "Xcode 3.2";
			developmentRegion = English;
			hasScannedForEncodings = 1;
			knownRegions = (
				English,
				Japanese,
				French,
				German,
				en,
			);
			mainGroup = 29B97314FDCFA39411CA2CEA /* CustomTemplate */;
			projectDirPath = "";
			projectRoot = "";
			targets = (
				1D6058900D05DD3D006BFB54 /* Unity-iPhone */,
				5623C57217FDCB0800090B9E /* Unity-iPhone Tests */,
			);
		};
/* End PBXProject section */

/* Begin PBXResourcesBuildPhase section */
		1D60588D0D05DD3D006BFB54 /* Resources */ = {
			isa = PBXResourcesBuildPhase;
			buildActionMask = 2147483647;
			files = (
				AA31BF971B55660D0013FB1B /* Data in Resources */,
				56C56C9817D6015200616839 /* Images.xcassets in Resources */,
				065E460ABC8A274B0B6984B9 /* MaterialRobotoFontLoader.bundle in Resources */,
				5A21426993881061D8C5610A /* GoogleKitDialogs.bundle in Resources */,
				F60A4DA092523F315DB9139B /* CardboardSDK.bundle in Resources */,
				84314C68AA8A6AC0C06DFA35 /* GoogleKitHUD.bundle in Resources */,
				C97B4CCF8A1E9AF8AED2E661 /* GoogleKitCore.bundle in Resources */,
				20CB4A259C5E1FE071F5E12E /* LaunchScreen-iPhone.xib in Resources */,
				C73344878BFE2145E865B38A /* LaunchScreen-iPhonePortrait.png in Resources */,
				7BC54D1996800E1356DF3271 /* LaunchScreen-iPhoneLandscape.png in Resources */,
				B63344E2AB9FD666A6056077 /* LaunchScreen-iPad.xib in Resources */,
				5AB14E6181A11417673497A8 /* LaunchScreen-iPad.png in Resources */,
			);
			runOnlyForDeploymentPostprocessing = 0;
		};
		5623C57117FDCB0800090B9E /* Resources */ = {
			isa = PBXResourcesBuildPhase;
			buildActionMask = 2147483647;
			files = (
				5623C57D17FDCB0900090B9E /* InfoPlist.strings in Resources */,
			);
			runOnlyForDeploymentPostprocessing = 0;
		};
/* End PBXResourcesBuildPhase section */

/* Begin PBXShellScriptBuildPhase section */
		033966F41B18B03000ECD701 /* ShellScript */ = {
			isa = PBXShellScriptBuildPhase;
			buildActionMask = 2147483647;
			files = (
			);
			inputPaths = (
			);
			outputPaths = (
			);
			runOnlyForDeploymentPostprocessing = 0;
			shellPath = /bin/sh;
			shellScript = "\"$PROJECT_DIR/MapFileParser.sh\"";
		};
/* End PBXShellScriptBuildPhase section */

/* Begin PBXSourcesBuildPhase section */
		1D60588E0D05DD3D006BFB54 /* Sources */ = {
			isa = PBXSourcesBuildPhase;
			buildActionMask = 2147483647;
			files = (
				D82DCFC30E8000A5005D6AD8 /* main.mm in Sources */,
				D8A1C7280E80637F000160D3 /* RegisterMonoModules.cpp in Sources */,
				8AA568AE1827DD79004969C7 /* WWWConnection.mm in Sources */,
				56DBF99D15E3CDC9007A4A8D /* iPhone_Sensors.mm in Sources */,
				8A3EDDC81615B7C1001839E9 /* SplashScreen.mm in Sources */,
				8AC71EC419E7FBA90027502F /* OrientationSupport.mm in Sources */,
				8A9FCB131617295F00C05364 /* ActivityIndicator.mm in Sources */,
				8A8D90DA1A274A7800456C4E /* UnityAppController+UnityInterface.mm in Sources */,
				8AA5D80217ABE9AF007B9910 /* UnityAppController+Rendering.mm in Sources */,
				8A142DC61636943E00DD87CA /* Keyboard.mm in Sources */,
				8A0FED491649699200E9727D /* EAGLContextHelper.mm in Sources */,
				AAFE69D219F187C200638316 /* UnityViewControllerListener.mm in Sources */,
				8A1FFFAD16512A9000DD0934 /* GlesHelper.mm in Sources */,
				848031E11C5160D700FCEAB7 /* UnityReplayKit_Scripting.mm in Sources */,
				8A5E0B9116849D1800CBB6FE /* DisplayManager.mm in Sources */,
				8A367F5B16A6D36F0012ED11 /* CVTextureCache.mm in Sources */,
				1859EA9B19214E7B0022C3D3 /* MetalHelper.mm in Sources */,
				8A16150C1A8E4362006FA788 /* FullScreenVideoPlayer.mm in Sources */,
				FC85CCBB16C3ED8000BAF7C7 /* CrashReporter.mm in Sources */,
				8AB3CB3E16D390BB00697AD5 /* VideoPlayer.mm in Sources */,
				8A2AA93516E0978D001FB470 /* CMVideoSampling.mm in Sources */,
				8A851BA716FB2F6D00E911DB /* UnityView.mm in Sources */,
				8A851BAA16FB3AD000E911DB /* UnityAppController.mm in Sources */,
				8AC74A9519B47FEF00019D38 /* AVCapture.mm in Sources */,
				8A6720A519EEB905006C92E0 /* InternalProfiler.cpp in Sources */,
				8A6137141A10BCA200059EDF /* ObjCRuntime.mm in Sources */,
				AA8F4B6A1BD917A10024E7E3 /* UnityViewControllerBaseTV.mm in Sources */,
				8ADCE38B19C87177006F04F6 /* CameraCapture.mm in Sources */,
				8A4815C117A28E7F003FBFD5 /* UnityAppController+ViewHandling.mm in Sources */,
				8A07E1061715A5AB000EDC6F /* iAD.mm in Sources */,
				8A7057D1171EA29600A1332D /* iAD_Scripting.mm in Sources */,
				8A25E6D218D767E20006A227 /* Filesystem.mm in Sources */,
				999475201A7BC3AE00178130 /* UnityAdsUnityWrapper.mm in Sources */,
				AA8F4B691BD917A10024E7E3 /* UnityViewControllerBaseiOS.mm in Sources */,
				8AF7755D1799329100341121 /* LifeCycleListener.mm in Sources */,
				8A5C1492174E662D0006EB36 /* RenderPluginDelegate.mm in Sources */,
				8AF7756017997D2700341121 /* AppDelegateListener.mm in Sources */,
				FC0B20A21B7A4F0B00FDFC55 /* OnDemandResources.mm in Sources */,
				AAC3E38D1A68945900F6174A /* RegisterFeatures.cpp in Sources */,
				84DC28F61C5137FE00BC67D7 /* UnityReplayKit.mm in Sources */,
				8ACB801C177081D4005D0019 /* DeviceSettings.mm in Sources */,
				03F528631B447098000F4FB8 /* Il2CppOptions.cpp in Sources */,
				6D824BDEB8B1BBD9284870E5 /* Bulk_Assembly-CSharp_0.cpp in Sources */,
				EDFB455CAE30E01DB20E04D1 /* Bulk_Generics_0.cpp in Sources */,
				7C5142D3AF9C79952D753A7C /* Bulk_Generics_1.cpp in Sources */,
				0CB249A2A27CCA9C2AD1E976 /* Bulk_Generics_2.cpp in Sources */,
				304F4AE0A4B1D2E20647EF9E /* Bulk_Generics_3.cpp in Sources */,
				B851407DA2A08481D0BD2617 /* Bulk_Generics_4.cpp in Sources */,
				9B2640B6A613904FFB23E951 /* Bulk_Generics_5.cpp in Sources */,
				F990474290269C220EA5E0D9 /* Bulk_Generics_6.cpp in Sources */,
				FE6B44F0B815EDF699676070 /* Bulk_Generics_7.cpp in Sources */,
				64EB4EA68A0034CE62659EB7 /* Bulk_Generics_8.cpp in Sources */,
				74C64DDB92D818E2012EAA48 /* Bulk_Google.ProtocolBuffers_0.cpp in Sources */,
				7CDB4770AEAA90A166352B8D /* Bulk_Mono.Security_0.cpp in Sources */,
				A2254B2F9D525968E2736662 /* Bulk_Mono.Security_1.cpp in Sources */,
				92AA4176A7A128E0F60BD44D /* Bulk_System.Core_0.cpp in Sources */,
				52A747E2B8FD339077A6CA42 /* Bulk_System_0.cpp in Sources */,
				C33A404FA14DFBB962C499BA /* Bulk_System_1.cpp in Sources */,
				36A64F75B0C62AF06EA0F4EF /* Bulk_System_2.cpp in Sources */,
				4C434E2C95A97549E41D6814 /* Bulk_UnityEngine.UI_0.cpp in Sources */,
				8E8D41D98D7BD08F4028B515 /* Bulk_UnityEngine.UI_1.cpp in Sources */,
				0E9A4948A6BDB5E20A424A89 /* Bulk_UnityEngine_0.cpp in Sources */,
				3B73496A814C77492865105E /* Bulk_UnityEngine_1.cpp in Sources */,
				2C544D07A872146D79C51A51 /* Bulk_UnityEngine_2.cpp in Sources */,
				FC764213A1C752385A606AB6 /* Bulk_UnityEngine_3.cpp in Sources */,
				793C4B1EB652986C6A3EF519 /* Bulk_mscorlib_0.cpp in Sources */,
				824142BEBDB828508E23D8EA /* Bulk_mscorlib_1.cpp in Sources */,
				4F484A1C84FCDCF7127AAF95 /* Bulk_mscorlib_2.cpp in Sources */,
				676B4C8B87F2EC73E3DE5F37 /* Bulk_mscorlib_3.cpp in Sources */,
				4A7C41A59DB5D97B58F2F98A /* Bulk_mscorlib_4.cpp in Sources */,
				82EE4DE3B0D752259533DF73 /* Bulk_mscorlib_5.cpp in Sources */,
				83BE48FF90B4F8FC5133FB77 /* Bulk_mscorlib_6.cpp in Sources */,
				E1454B3E94F9AA157A636B91 /* Bulk_mscorlib_7.cpp in Sources */,
				1293455FBC8AC4FF0E48C4A5 /* GenericMethods0.cpp in Sources */,
				078B42EBAAF2DF3EAB555049 /* GenericMethods1.cpp in Sources */,
				0B1549E2917A01965E369B67 /* Il2CppAttributes.cpp in Sources */,
				867841C58498A90BDDC4418A /* Il2CppCodeRegistration.cpp in Sources */,
				B3EE4E31BF1308603FE811CE /* Il2CppCompilerCalculateTypeValuesTable.cpp in Sources */,
				7A934371AA27BCC7928D5CC7 /* Il2CppDelegateWrappersManagedToNativeTable.cpp in Sources */,
				CD6049C1A97633749A36EFA7 /* Il2CppGenericClassTable.cpp in Sources */,
				159542D2979B503381FC5DCD /* Il2CppGenericInstDefinitions.cpp in Sources */,
				24F849CE8CA3B763ABAE3479 /* Il2CppGenericMethodDefinitions.cpp in Sources */,
				3E6048ECB8BFC9041CB31063 /* Il2CppGenericMethodPointerTable.cpp in Sources */,
				103D4673A06562D7AB6C3989 /* Il2CppGenericMethodTable.cpp in Sources */,
				AD104FFA914BB0530F8D1045 /* Il2CppGuids.cpp in Sources */,
				46E7478888F2C2EDB3BE269B /* Il2CppInvokerTable.cpp in Sources */,
				3C724E68BB94B6FA07E83C32 /* Il2CppMarshalingFunctionsTable.cpp in Sources */,
				94ED443082236C5F9A444622 /* Il2CppMetadataRegistration.cpp in Sources */,
				090A4CDAA410067E27DA2F70 /* Il2CppMetadataUsage.cpp in Sources */,
				B9EA4889B4615133EEF8BF16 /* Il2CppMethodPointerTable.cpp in Sources */,
				0B2847559AC564F1FC33896B /* Il2CppTypeDefinitions.cpp in Sources */,
				66CD4E8BB1D6DCCCFF7029B8 /* UnityClassRegistration.cpp in Sources */,
				D1EF48549016403535EFA777 /* UnityICallRegistration.cpp in Sources */,
				2187483F9B0F0F3ADE624AC5 /* CardboardAppController.mm in Sources */,
			);
			runOnlyForDeploymentPostprocessing = 0;
		};
		5623C56F17FDCB0800090B9E /* Sources */ = {
			isa = PBXSourcesBuildPhase;
			buildActionMask = 2147483647;
			files = (
				5623C57F17FDCB0900090B9E /* Unity_iPhone_Tests.m in Sources */,
			);
			runOnlyForDeploymentPostprocessing = 0;
		};
/* End PBXSourcesBuildPhase section */

/* Begin PBXTargetDependency section */
		5623C58217FDCB0900090B9E /* PBXTargetDependency */ = {
			isa = PBXTargetDependency;
			target = 1D6058900D05DD3D006BFB54 /* Unity-iPhone */;
			targetProxy = 5623C58117FDCB0900090B9E /* PBXContainerItemProxy */;
		};
/* End PBXTargetDependency section */

/* Begin PBXVariantGroup section */
		5623C57B17FDCB0900090B9E /* InfoPlist.strings */ = {
			isa = PBXVariantGroup;
			children = (
				5623C57C17FDCB0900090B9E /* en */,
			);
			name = InfoPlist.strings;
			sourceTree = "<group>";
		};
/* End PBXVariantGroup section */

/* Begin XCBuildConfiguration section */
		1D6058940D05DD3E006BFB54 /* Debug */ = {
			isa = XCBuildConfiguration;
			buildSettings = {
				ALWAYS_SEARCH_USER_PATHS = NO;
				ARCHS = (
					armv7,
					arm64,
				);
				ASSETCATALOG_COMPILER_APPICON_NAME = AppIcon;
				ASSETCATALOG_COMPILER_LAUNCHIMAGE_NAME = LaunchImage;
				CLANG_CXX_LANGUAGE_STANDARD = "c++0x";
				CLANG_CXX_LIBRARY = "libc++";
				CLANG_ENABLE_OBJC_ARC = YES;
				CLANG_WARN_DEPRECATED_OBJC_IMPLEMENTATIONS = YES;
				COPY_PHASE_STRIP = NO;
				ENABLE_BITCODE = YES;
				FRAMEWORK_SEARCH_PATHS = "$(inherited)";
				GCC_DYNAMIC_NO_PIC = NO;
				GCC_ENABLE_CPP_EXCEPTIONS = YES;
				GCC_OPTIMIZATION_LEVEL = 0;
				GCC_PRECOMPILE_PREFIX_HEADER = YES;
				GCC_PREFIX_HEADER = Classes/Prefix.pch;
				GCC_USE_INDIRECT_FUNCTION_CALLS = NO;
				HEADER_SEARCH_PATHS = (
					"\"$(SRCROOT)/Classes\"",
					"\"$(SRCROOT)\"",
					"$(SRCROOT)/Classes/Native",
					"$(SRCROOT)/Libraries/bdwgc/include",
					"$(SRCROOT)/Libraries/libil2cpp/include",
				);
				INFOPLIST_FILE = Info.plist;
				IPHONEOS_DEPLOYMENT_TARGET = 7.0;
				LD_GENERATE_MAP_FILE = YES;
				LIBRARY_SEARCH_PATHS = (
					"$(inherited)",
					"\"$(SRCROOT)\"",
					"\"$(SRCROOT)/Libraries\"",
					"$(SRCROOT)/Libraries/Plugins/iOS",
				);
				ONLY_ACTIVE_ARCH = YES;
				OTHER_CFLAGS = "-DINIT_SCRIPTING_BACKEND=1";
				OTHER_LDFLAGS = (
					"-weak_framework",
					CoreMotion,
					"-weak-lSystem",
					"-ObjC",
				);
				PRODUCT_NAME = "Labyrinth-Escape";
				SDKROOT = iphoneos;
				SUPPORTED_PLATFORMS = iphoneos;
				TARGETED_DEVICE_FAMILY = "1,2";
				UNITY_RUNTIME_VERSION = 5.4.0f3;
				UNITY_SCRIPTING_BACKEND = il2cpp;
			};
			name = Debug;
		};
		1D6058950D05DD3E006BFB54 /* Release */ = {
			isa = XCBuildConfiguration;
			buildSettings = {
				ALWAYS_SEARCH_USER_PATHS = NO;
				ARCHS = (
					armv7,
					arm64,
				);
				ASSETCATALOG_COMPILER_APPICON_NAME = AppIcon;
				ASSETCATALOG_COMPILER_LAUNCHIMAGE_NAME = LaunchImage;
				CLANG_CXX_LANGUAGE_STANDARD = "c++0x";
				CLANG_CXX_LIBRARY = "libc++";
				CLANG_ENABLE_OBJC_ARC = YES;
				CLANG_WARN_DEPRECATED_OBJC_IMPLEMENTATIONS = YES;
				COPY_PHASE_STRIP = YES;
				ENABLE_BITCODE = YES;
				FRAMEWORK_SEARCH_PATHS = "$(inherited)";
				GCC_ENABLE_CPP_EXCEPTIONS = YES;
				GCC_PRECOMPILE_PREFIX_HEADER = YES;
				GCC_PREFIX_HEADER = Classes/Prefix.pch;
				HEADER_SEARCH_PATHS = (
					"\"$(SRCROOT)/Classes\"",
					"\"$(SRCROOT)\"",
					"$(SRCROOT)/Classes/Native",
					"$(SRCROOT)/Libraries/bdwgc/include",
					"$(SRCROOT)/Libraries/libil2cpp/include",
				);
				INFOPLIST_FILE = Info.plist;
				IPHONEOS_DEPLOYMENT_TARGET = 7.0;
				LD_GENERATE_MAP_FILE = YES;
				LIBRARY_SEARCH_PATHS = (
					"$(inherited)",
					"\"$(SRCROOT)\"",
					"\"$(SRCROOT)/Libraries\"",
					"$(SRCROOT)/Libraries/Plugins/iOS",
				);
				ONLY_ACTIVE_ARCH = NO;
				OTHER_CFLAGS = "-DINIT_SCRIPTING_BACKEND=1";
				OTHER_LDFLAGS = (
					"-weak_framework",
					CoreMotion,
					"-weak-lSystem",
					"-ObjC",
				);
				PRODUCT_NAME = "Labyrinth-Escape";
				SDKROOT = iphoneos;
				SUPPORTED_PLATFORMS = iphoneos;
				TARGETED_DEVICE_FAMILY = "1,2";
				UNITY_RUNTIME_VERSION = 5.4.0f3;
				UNITY_SCRIPTING_BACKEND = il2cpp;
			};
			name = Release;
		};
		5623C58317FDCB0900090B9E /* Release */ = {
			isa = XCBuildConfiguration;
			buildSettings = {
				ALWAYS_SEARCH_USER_PATHS = NO;
				ARCHS = (
					armv7,
					arm64,
				);
				BUNDLE_LOADER = "$(BUILD_DIR)/$(CONFIGURATION)$(EFFECTIVE_PLATFORM_NAME)/$(PRODUCT_NAME).app/$(PRODUCT_NAME)";
				CLANG_CXX_LANGUAGE_STANDARD = "gnu++0x";
				CLANG_CXX_LIBRARY = "libc++";
				CLANG_ENABLE_MODULES = YES;
				CLANG_ENABLE_OBJC_ARC = YES;
				CLANG_WARN_BOOL_CONVERSION = YES;
				CLANG_WARN_CONSTANT_CONVERSION = YES;
				CLANG_WARN_DIRECT_OBJC_ISA_USAGE = YES_ERROR;
				CLANG_WARN_EMPTY_BODY = YES;
				CLANG_WARN_ENUM_CONVERSION = YES;
				CLANG_WARN_INT_CONVERSION = YES;
				CLANG_WARN_OBJC_ROOT_CLASS = YES_ERROR;
				CLANG_WARN__DUPLICATE_METHOD_MATCH = YES;
				COPY_PHASE_STRIP = YES;
				ENABLE_NS_ASSERTIONS = NO;
				FRAMEWORK_SEARCH_PATHS = "$(inherited)";
				GCC_C_LANGUAGE_STANDARD = gnu99;
				GCC_PRECOMPILE_PREFIX_HEADER = YES;
				GCC_PREFIX_HEADER = "Unity-iPhone Tests/Unity-iPhone Tests-Prefix.pch";
				GCC_WARN_64_TO_32_BIT_CONVERSION = YES;
				GCC_WARN_ABOUT_RETURN_TYPE = YES_ERROR;
				GCC_WARN_UNDECLARED_SELECTOR = YES;
				GCC_WARN_UNINITIALIZED_AUTOS = YES;
				GCC_WARN_UNUSED_FUNCTION = YES;
				INFOPLIST_FILE = "Unity-iPhone Tests/Unity-iPhone Tests-Info.plist";
				IPHONEOS_DEPLOYMENT_TARGET = 7.0;
				LD_GENERATE_MAP_FILE = YES;
				LIBRARY_SEARCH_PATHS = "$(SRCROOT)/Libraries/Plugins/iOS";
				PRODUCT_NAME = "Labyrinth-Escape";
				SDKROOT = iphoneos;
				SUPPORTED_PLATFORMS = iphoneos;
				TARGETED_DEVICE_FAMILY = "1,2";
				TEST_HOST = "$(BUNDLE_LOADER)";
				UNITY_RUNTIME_VERSION = 5.4.0f3;
				UNITY_SCRIPTING_BACKEND = il2cpp;
				VALIDATE_PRODUCT = YES;
				WRAPPER_EXTENSION = xctest;
			};
			name = Release;
		};
		5623C58417FDCB0900090B9E /* Debug */ = {
			isa = XCBuildConfiguration;
			buildSettings = {
				ALWAYS_SEARCH_USER_PATHS = NO;
				ARCHS = (
					armv7,
					arm64,
				);
				BUNDLE_LOADER = "$(BUILD_DIR)/$(CONFIGURATION)$(EFFECTIVE_PLATFORM_NAME)/$(PRODUCT_NAME).app/$(PRODUCT_NAME)";
				CLANG_CXX_LANGUAGE_STANDARD = "gnu++0x";
				CLANG_CXX_LIBRARY = "libc++";
				CLANG_ENABLE_MODULES = YES;
				CLANG_ENABLE_OBJC_ARC = YES;
				CLANG_WARN_BOOL_CONVERSION = YES;
				CLANG_WARN_CONSTANT_CONVERSION = YES;
				CLANG_WARN_DIRECT_OBJC_ISA_USAGE = YES_ERROR;
				CLANG_WARN_EMPTY_BODY = YES;
				CLANG_WARN_ENUM_CONVERSION = YES;
				CLANG_WARN_INT_CONVERSION = YES;
				CLANG_WARN_OBJC_ROOT_CLASS = YES_ERROR;
				CLANG_WARN__DUPLICATE_METHOD_MATCH = YES;
				COPY_PHASE_STRIP = NO;
				FRAMEWORK_SEARCH_PATHS = "$(inherited)";
				GCC_C_LANGUAGE_STANDARD = gnu99;
				GCC_DYNAMIC_NO_PIC = NO;
				GCC_OPTIMIZATION_LEVEL = 0;
				GCC_PRECOMPILE_PREFIX_HEADER = YES;
				GCC_PREFIX_HEADER = "Unity-iPhone Tests/Unity-iPhone Tests-Prefix.pch";
				GCC_PREPROCESSOR_DEFINITIONS = (
					"DEBUG=1",
					"$(inherited)",
				);
				GCC_SYMBOLS_PRIVATE_EXTERN = NO;
				GCC_WARN_64_TO_32_BIT_CONVERSION = YES;
				GCC_WARN_ABOUT_RETURN_TYPE = YES_ERROR;
				GCC_WARN_UNDECLARED_SELECTOR = YES;
				GCC_WARN_UNINITIALIZED_AUTOS = YES;
				GCC_WARN_UNUSED_FUNCTION = YES;
				INFOPLIST_FILE = "Unity-iPhone Tests/Unity-iPhone Tests-Info.plist";
				IPHONEOS_DEPLOYMENT_TARGET = 7.0;
				LD_GENERATE_MAP_FILE = YES;
				LIBRARY_SEARCH_PATHS = "$(SRCROOT)/Libraries/Plugins/iOS";
				ONLY_ACTIVE_ARCH = YES;
				PRODUCT_NAME = "Labyrinth-Escape";
				SDKROOT = iphoneos;
				SUPPORTED_PLATFORMS = iphoneos;
				TARGETED_DEVICE_FAMILY = "1,2";
				TEST_HOST = "$(BUNDLE_LOADER)";
				UNITY_RUNTIME_VERSION = 5.4.0f3;
				UNITY_SCRIPTING_BACKEND = il2cpp;
				WRAPPER_EXTENSION = xctest;
			};
			name = Debug;
		};
		C01FCF4F08A954540054247B /* Debug */ = {
			isa = XCBuildConfiguration;
			buildSettings = {
				ARCHS = armv7;
				"CODE_SIGN_IDENTITY[sdk=iphoneos*]" = "iPhone Developer";
				DEBUG_INFORMATION_FORMAT = dwarf;
				ENABLE_BITCODE = YES;
				GCC_C_LANGUAGE_STANDARD = c99;
				GCC_ENABLE_CPP_EXCEPTIONS = NO;
				GCC_ENABLE_CPP_RTTI = NO;
				GCC_ENABLE_OBJC_EXCEPTIONS = NO;
				GCC_THUMB_SUPPORT = NO;
				GCC_USE_INDIRECT_FUNCTION_CALLS = YES;
				GCC_WARN_ABOUT_RETURN_TYPE = YES;
				GCC_WARN_UNUSED_VARIABLE = YES;
				ONLY_ACTIVE_ARCH = NO;
				OTHER_LDFLAGS = "";
				SDKROOT = iphoneos;
				SUPPORTED_PLATFORMS = iphoneos;
			};
			name = Debug;
		};
		C01FCF5008A954540054247B /* Release */ = {
			isa = XCBuildConfiguration;
			buildSettings = {
				ARCHS = armv7;
				"CODE_SIGN_IDENTITY[sdk=iphoneos*]" = "iPhone Developer";
				ENABLE_BITCODE = YES;
				GCC_C_LANGUAGE_STANDARD = c99;
				GCC_ENABLE_CPP_EXCEPTIONS = NO;
				GCC_ENABLE_CPP_RTTI = NO;
				GCC_ENABLE_OBJC_EXCEPTIONS = NO;
				GCC_THUMB_SUPPORT = NO;
				GCC_USE_INDIRECT_FUNCTION_CALLS = NO;
				GCC_WARN_ABOUT_RETURN_TYPE = YES;
				GCC_WARN_UNUSED_VARIABLE = YES;
				SDKROOT = iphoneos;
				SUPPORTED_PLATFORMS = iphoneos;
			};
			name = Release;
		};
/* End XCBuildConfiguration section */

/* Begin XCConfigurationList section */
		1D6058960D05DD3E006BFB54 /* Build configuration list for PBXNativeTarget "Unity-iPhone" */ = {
			isa = XCConfigurationList;
			buildConfigurations = (
				1D6058950D05DD3E006BFB54 /* Release */,
				1D6058940D05DD3E006BFB54 /* Debug */,
			);
			defaultConfigurationIsVisible = 0;
			defaultConfigurationName = Release;
		};
		5623C58517FDCB0900090B9E /* Build configuration list for PBXNativeTarget "Unity-iPhone Tests" */ = {
			isa = XCConfigurationList;
			buildConfigurations = (
				5623C58317FDCB0900090B9E /* Release */,
				5623C58417FDCB0900090B9E /* Debug */,
			);
			defaultConfigurationIsVisible = 0;
			defaultConfigurationName = Release;
		};
		C01FCF4E08A954540054247B /* Build configuration list for PBXProject "Unity-iPhone" */ = {
			isa = XCConfigurationList;
			buildConfigurations = (
				C01FCF5008A954540054247B /* Release */,
				C01FCF4F08A954540054247B /* Debug */,
			);
			defaultConfigurationIsVisible = 0;
			defaultConfigurationName = Release;
		};
/* End XCConfigurationList section */
	};
	rootObject = 29B97313FDCFA39411CA2CEA /* Project object */;
}
